PODS:
  - Alamofire (5.2.0)
  - AlamofireImage (4.1.0):
    - Alamofire (~> 5.1)
  - AppAuth (1.3.0):
    - AppAuth/Core (= 1.3.0)
    - AppAuth/ExternalUserAgent (= 1.3.0)
  - AppAuth/Core (1.3.0)
  - AppAuth/ExternalUserAgent (1.3.0)
  - DynamicBlurView (4.1.0)
  - EasyTipView (2.0.4)
  - Firebase/Analytics (6.25.0):
    - Firebase/Core
  - Firebase/Core (6.25.0):
    - Firebase/CoreOnly
    - FirebaseAnalytics (= 6.5.1)
  - Firebase/CoreOnly (6.25.0):
    - FirebaseCore (= 6.7.1)
  - Firebase/Crashlytics (6.25.0):
    - Firebase/CoreOnly
    - FirebaseCrashlytics (~> 4.1.0)
  - Firebase/InAppMessaging (6.25.0):
    - Firebase/CoreOnly
    - FirebaseInAppMessaging (~> 0.20.1)
  - Firebase/Messaging (6.25.0):
    - Firebase/CoreOnly
    - FirebaseMessaging (~> 4.4.1)
  - Firebase/Performance (6.25.0):
    - Firebase/CoreOnly
    - FirebasePerformance (~> 3.1.11)
  - FirebaseABTesting (3.2.0):
    - FirebaseAnalyticsInterop (~> 1.3)
    - FirebaseCore (~> 6.1)
    - Protobuf (>= 3.9.2, ~> 3.9)
  - FirebaseAnalytics (6.5.1):
    - FirebaseCore (~> 6.7)
    - FirebaseInstallations (~> 1.2)
    - GoogleAppMeasurement (= 6.5.1)
    - GoogleUtilities/AppDelegateSwizzler (~> 6.0)
    - GoogleUtilities/MethodSwizzler (~> 6.0)
    - GoogleUtilities/Network (~> 6.0)
    - "GoogleUtilities/NSData+zlib (~> 6.0)"
    - nanopb (~> 1.30905.0)
  - FirebaseAnalyticsInterop (1.5.0)
  - FirebaseCore (6.7.1):
    - FirebaseCoreDiagnostics (~> 1.3)
    - FirebaseCoreDiagnosticsInterop (~> 1.2)
    - GoogleUtilities/Environment (~> 6.5)
    - GoogleUtilities/Logger (~> 6.5)
  - FirebaseCoreDiagnostics (1.3.0):
    - FirebaseCoreDiagnosticsInterop (~> 1.2)
    - GoogleDataTransportCCTSupport (~> 3.1)
    - GoogleUtilities/Environment (~> 6.5)
    - GoogleUtilities/Logger (~> 6.5)
    - nanopb (~> 1.30905.0)
  - FirebaseCoreDiagnosticsInterop (1.2.0)
  - FirebaseCrashlytics (4.1.1):
    - FirebaseAnalyticsInterop (~> 1.2)
    - FirebaseCore (~> 6.6)
    - FirebaseInstallations (~> 1.1)
    - GoogleDataTransport (~> 6.1)
    - GoogleDataTransportCCTSupport (~> 3.1)
    - nanopb (~> 1.30905.0)
    - PromisesObjC (~> 1.2)
  - FirebaseInAppMessaging (0.20.2):
    - FirebaseABTesting (~> 3.2)
    - FirebaseAnalyticsInterop (~> 1.3)
    - FirebaseCore (~> 6.2)
    - FirebaseInstallations (~> 1.1)
    - GoogleDataTransportCCTSupport (~> 3.1)
    - GoogleUtilities/Environment (~> 6.5)
    - nanopb (~> 1.30905.0)
  - FirebaseInstallations (1.2.0):
    - FirebaseCore (~> 6.6)
    - GoogleUtilities/Environment (~> 6.6)
    - GoogleUtilities/UserDefaults (~> 6.6)
    - PromisesObjC (~> 1.2)
  - FirebaseInstanceID (4.3.4):
    - FirebaseCore (~> 6.6)
    - FirebaseInstallations (~> 1.0)
    - GoogleUtilities/Environment (~> 6.5)
    - GoogleUtilities/UserDefaults (~> 6.5)
  - FirebaseMessaging (4.4.1):
    - FirebaseAnalyticsInterop (~> 1.5)
    - FirebaseCore (~> 6.6)
    - FirebaseInstanceID (~> 4.3)
    - GoogleUtilities/AppDelegateSwizzler (~> 6.5)
    - GoogleUtilities/Environment (~> 6.5)
    - GoogleUtilities/Reachability (~> 6.5)
    - GoogleUtilities/UserDefaults (~> 6.5)
    - Protobuf (>= 3.9.2, ~> 3.9)
  - FirebasePerformance (3.1.11):
    - FirebaseCore (~> 6.6)
    - FirebaseInstallations (~> 1.1)
    - FirebaseRemoteConfig (~> 4.4)
    - GoogleToolboxForMac/Logger (~> 2.1)
    - "GoogleToolboxForMac/NSData+zlib (~> 2.1)"
    - GoogleUtilities/Environment (~> 6.2)
    - GoogleUtilities/ISASwizzler (~> 6.2)
    - GoogleUtilities/MethodSwizzler (~> 6.2)
    - GTMSessionFetcher/Core (~> 1.1)
    - Protobuf (~> 3.9)
  - FirebaseRemoteConfig (4.5.0):
    - FirebaseABTesting (~> 3.1)
    - FirebaseAnalyticsInterop (~> 1.4)
    - FirebaseCore (~> 6.2)
    - FirebaseInstallations (~> 1.1)
    - GoogleUtilities/Environment (~> 6.2)
    - "GoogleUtilities/NSData+zlib (~> 6.2)"
  - GoogleAppMeasurement (6.5.1):
    - GoogleUtilities/AppDelegateSwizzler (~> 6.0)
    - GoogleUtilities/MethodSwizzler (~> 6.0)
    - GoogleUtilities/Network (~> 6.0)
    - "GoogleUtilities/NSData+zlib (~> 6.0)"
    - nanopb (~> 1.30905.0)
  - GoogleDataTransport (6.1.1)
  - GoogleDataTransportCCTSupport (3.1.0):
    - GoogleDataTransport (~> 6.1)
    - nanopb (~> 1.30905.0)
  - GoogleSignIn (5.0.2):
    - AppAuth (~> 1.2)
    - GTMAppAuth (~> 1.0)
    - GTMSessionFetcher/Core (~> 1.1)
  - GoogleToolboxForMac/Defines (2.3.0)
  - GoogleToolboxForMac/Logger (2.3.0):
    - GoogleToolboxForMac/Defines (= 2.3.0)
  - "GoogleToolboxForMac/NSData+zlib (2.3.0)":
    - GoogleToolboxForMac/Defines (= 2.3.0)
  - GoogleUtilities/AppDelegateSwizzler (6.6.0):
    - GoogleUtilities/Environment
    - GoogleUtilities/Logger
    - GoogleUtilities/Network
  - GoogleUtilities/Environment (6.6.0):
    - PromisesObjC (~> 1.2)
  - GoogleUtilities/ISASwizzler (6.6.0)
  - GoogleUtilities/Logger (6.6.0):
    - GoogleUtilities/Environment
  - GoogleUtilities/MethodSwizzler (6.6.0):
    - GoogleUtilities/Logger
  - GoogleUtilities/Network (6.6.0):
    - GoogleUtilities/Logger
    - "GoogleUtilities/NSData+zlib"
    - GoogleUtilities/Reachability
  - "GoogleUtilities/NSData+zlib (6.6.0)"
  - GoogleUtilities/Reachability (6.6.0):
    - GoogleUtilities/Logger
  - GoogleUtilities/UserDefaults (6.6.0):
    - GoogleUtilities/Logger
  - Gridicons (1.0.1)
  - GTMAppAuth (1.0.0):
    - AppAuth/Core (~> 1.0)
    - GTMSessionFetcher (~> 1.1)
  - GTMSessionFetcher (1.4.0):
    - GTMSessionFetcher/Full (= 1.4.0)
  - GTMSessionFetcher/Core (1.4.0)
  - GTMSessionFetcher/Full (1.4.0):
    - GTMSessionFetcher/Core (= 1.4.0)
  - JTAppleCalendar (8.0.2)
  - MTCircularSlider (1.0.0)
  - nanopb (1.30905.0):
    - nanopb/decode (= 1.30905.0)
    - nanopb/encode (= 1.30905.0)
  - nanopb/decode (1.30905.0)
  - nanopb/encode (1.30905.0)
  - PopupDialog (1.1.1):
    - DynamicBlurView (~> 4.0)
  - PromisesObjC (1.2.8)
  - Protobuf (3.12.0)
  - Purchases (3.4.0)
  - SwiftGifOrigin (1.7.0)
  - SwiftKeychainWrapper (3.4.0)
  - TagListView (1.4.0)
  - WordPress-Aztec-iOS (1.19.1)

DEPENDENCIES:
  - Alamofire
  - AlamofireImage
  - EasyTipView (~> 2.0.4)
  - Firebase/Analytics
  - Firebase/Crashlytics
  - Firebase/InAppMessaging
  - Firebase/Messaging
  - Firebase/Performance
  - GoogleSignIn
  - Gridicons (from `https://raw.github.com/Automattic/Gridicons-iOS/develop/Gridicons.podspec`)
  - JTAppleCalendar (= 8.0.2)
  - MTCircularSlider
  - PopupDialog (~> 1.1)
  - Purchases (= 3.4.0)
  - SwiftGifOrigin
  - SwiftKeychainWrapper
  - TagListView (~> 1.0)
  - WordPress-Aztec-iOS

SPEC REPOS:
  trunk:
    - Alamofire
    - AlamofireImage
    - AppAuth
    - DynamicBlurView
    - EasyTipView
    - Firebase
    - FirebaseABTesting
    - FirebaseAnalytics
    - FirebaseAnalyticsInterop
    - FirebaseCore
    - FirebaseCoreDiagnostics
    - FirebaseCoreDiagnosticsInterop
    - FirebaseCrashlytics
    - FirebaseInAppMessaging
    - FirebaseInstallations
    - FirebaseInstanceID
    - FirebaseMessaging
    - FirebasePerformance
    - FirebaseRemoteConfig
    - GoogleAppMeasurement
    - GoogleDataTransport
    - GoogleDataTransportCCTSupport
    - GoogleSignIn
    - GoogleToolboxForMac
    - GoogleUtilities
    - GTMAppAuth
    - GTMSessionFetcher
    - JTAppleCalendar
    - MTCircularSlider
    - nanopb
    - PopupDialog
    - PromisesObjC
    - Protobuf
    - Purchases
    - SwiftGifOrigin
    - SwiftKeychainWrapper
    - TagListView
    - WordPress-Aztec-iOS

EXTERNAL SOURCES:
  Gridicons:
    :podspec: https://raw.github.com/Automattic/Gridicons-iOS/develop/Gridicons.podspec

SPEC CHECKSUMS:
  Alamofire: c1ca147559e730bfb2182c8c7aafbdd90a867987
  AlamofireImage: c4a2ba349885fb3064feb74d2e547bd42ce9be10
  AppAuth: 73574f3013a1e65b9601a3ddc8b3158cce68c09d
  DynamicBlurView: 58e18fae80bb614e34681a4486870e7d257b62e8
  EasyTipView: 4f8beae0a82db2ca4a9b5fd658785fc5f61d296b
  Firebase: 5719b4f965f76643241a1bb8244483ff6117db39
  FirebaseABTesting: 821a3a3e4a145987e80fee3657c4de1cb9adf693
  FirebaseAnalytics: 93565f3f0f0f50a5d8770850bfe6a82eaba5db27
  FirebaseAnalyticsInterop: 3f86269c38ae41f47afeb43ebf32a001f58fcdae
  FirebaseCore: 6023faeada5afa95a349fccafb40900e32e9ac42
  FirebaseCoreDiagnostics: 4a773a47bd83bbd5a9b1ccf1ce7caa8b2d535e67
  FirebaseCoreDiagnosticsInterop: 296e2c5f5314500a850ad0b83e9e7c10b011a850
  FirebaseCrashlytics: a87cce5746d3335995bd18b1b60d073cd05a6920
  FirebaseInAppMessaging: 2dc5bd9b930df9fcca758e0c1c8dd69d1b1228b5
  FirebaseInstallations: 2119fb3e46b0a88bfdbf12562f855ee3252462fa
  FirebaseInstanceID: cef67c4967c7cecb56ea65d8acbb4834825c587b
  FirebaseMessaging: 29543feb343b09546ab3aa04d008ee8595b43c44
  FirebasePerformance: 5652d2004001e886da6dca04f478c695f87c4702
  FirebaseRemoteConfig: 1725314c4b89d8853c876099ded037f11bee26db
  GoogleAppMeasurement: 137afe68bfa406c3f4221b9395253d9e5d4654cf
  GoogleDataTransport: ad884314b81cdb808fb1d23787b367ff8da4e28a
  GoogleDataTransportCCTSupport: d70a561f7d236af529fee598835caad5e25f6d3d
  GoogleSignIn: 7137d297ddc022a7e0aa4619c86d72c909fa7213
  GoogleToolboxForMac: 1350d40e86a76f7863928d63bcb0b89c84c521c5
  GoogleUtilities: 39530bc0ad980530298e9c4af8549e991fd033b1
  Gridicons: 8e19276b20bb15d1fda1d4d0db96d066d170135b
  GTMAppAuth: 4deac854479704f348309e7b66189e604cf5e01e
  GTMSessionFetcher: 6f5c8abbab8a9bce4bb3f057e317728ec6182b10
  JTAppleCalendar: bb3dd3752e2bcc85cb798ab763fbdd6e142715fc
  MTCircularSlider: ce0b277515dbc1b7b9163352103c368f53739c9e
  nanopb: c43f40fadfe79e8b8db116583945847910cbabc9
  PopupDialog: 720c92befd8bc23c13442254945213db5612f149
  PromisesObjC: c119f3cd559f50b7ae681fa59dc1acd19173b7e6
  Protobuf: 2793fcd0622a00b546c60e7cbbcc493e043e9bb9
  Purchases: b8cac232e403ca51541a425a65992b902cecc044
  SwiftGifOrigin: fbd6cf37afcfcf97a5c3db996ddc0492e5c5c145
  SwiftKeychainWrapper: 6fc49fbf7d4a6b0772917acb0e53a1639f6078d6
  TagListView: 987b0bdbb16cd9d9e7c0e2ec32aff37ecba8b173
  WordPress-Aztec-iOS: 25a9cbe204a22dd6d540d66d90b8a889421e0b42

PODFILE CHECKSUM: 9e8a9ee31270c20e297e9d5a75e8c3a8ac5d03f5

COCOAPODS: 1.8.4
