// !$*UTF8*$!
{
	archiveVersion = 1;
	classes = {
	};
	objectVersion = 52;
	objects = {

/* Begin PBXBuildFile section */
		0BBBD5E90BCD7BBB99286902 /* Pods_HighLow_HighLowTests.framework in Frameworks */ = {isa = PBXBuildFile; fileRef = 714A97ECAA1FD41A7DBE814F /* Pods_HighLow_HighLowTests.framework */; };
		43030042229F81260030C61C /* Helpers.swift in Sources */ = {isa = PBXBuildFile; fileRef = 43030041229F81260030C61C /* Helpers.swift */; };
		43030044229F88D50030C61C /* HLButton.swift in Sources */ = {isa = PBXBuildFile; fileRef = 43030043229F88D50030C61C /* HLButton.swift */; };
		4303004622A089470030C61C /* CreateAccountViewController.swift in Sources */ = {isa = PBXBuildFile; fileRef = 4303004522A089470030C61C /* CreateAccountViewController.swift */; };
		4307AB5522B059290013044C /* EditHLViewController.swift in Sources */ = {isa = PBXBuildFile; fileRef = 4307AB5422B059290013044C /* EditHLViewController.swift */; };
		4307AB5922B2F24D0013044C /* ImageCache.swift in Sources */ = {isa = PBXBuildFile; fileRef = 4307AB5822B2F24D0013044C /* ImageCache.swift */; };
		430860FF229986E700C4B10F /* Authentication.storyboard in Resources */ = {isa = PBXBuildFile; fileRef = 430860FE229986E700C4B10F /* Authentication.storyboard */; };
		430861012299884500C4B10F /* GradientUIView.swift in Sources */ = {isa = PBXBuildFile; fileRef = 430861002299884500C4B10F /* GradientUIView.swift */; };
		430B6F5622DE91D500046897 /* EditCommentViewController.swift in Sources */ = {isa = PBXBuildFile; fileRef = 430B6F5522DE91D500046897 /* EditCommentViewController.swift */; };
		430B6F5822DF9FA700046897 /* HighLowPageViewController.swift in Sources */ = {isa = PBXBuildFile; fileRef = 430B6F5722DF9FA700046897 /* HighLowPageViewController.swift */; };
		430B6F5A22E11B6E00046897 /* ProfileTableViewController.swift in Sources */ = {isa = PBXBuildFile; fileRef = 430B6F5922E11B6E00046897 /* ProfileTableViewController.swift */; };
		430B6F5C22E1320800046897 /* StreakView.swift in Sources */ = {isa = PBXBuildFile; fileRef = 430B6F5B22E1320700046897 /* StreakView.swift */; };
		430BB46A233545F8001B48C7 /* DateCell.swift in Sources */ = {isa = PBXBuildFile; fileRef = 430BB469233545F8001B48C7 /* DateCell.swift */; };
		43103CE923D5DEA500FD0EF3 /* TermsAndConditionsViewController.swift in Sources */ = {isa = PBXBuildFile; fileRef = 43103CE823D5DEA500FD0EF3 /* TermsAndConditionsViewController.swift */; };
		4318C0B622E6334600E393C9 /* HighLowTableViewCell.swift in Sources */ = {isa = PBXBuildFile; fileRef = 4318C0B522E6334600E393C9 /* HighLowTableViewCell.swift */; };
		43244D922388BE0E00B7B551 /* Calendar.gif in Resources */ = {isa = PBXBuildFile; fileRef = 43244D912388BE0E00B7B551 /* Calendar.gif */; };
		43287A4622DD48BF004A2F52 /* ShowAllCommentsViewCell.swift in Sources */ = {isa = PBXBuildFile; fileRef = 43287A4522DD48BF004A2F52 /* ShowAllCommentsViewCell.swift */; };
		4329E3A822E7C1B8004D0735 /* EditProfileViewController.swift in Sources */ = {isa = PBXBuildFile; fileRef = 4329E3A722E7C1B8004D0735 /* EditProfileViewController.swift */; };
		4352FB3B231207FD0005F00E /* FriendsTableViewController.swift in Sources */ = {isa = PBXBuildFile; fileRef = 4352FB3A231207FD0005F00E /* FriendsTableViewController.swift */; };
		4352FB3D231209300005F00E /* User.swift in Sources */ = {isa = PBXBuildFile; fileRef = 4352FB3C231209300005F00E /* User.swift */; };
		4352FB3F2314E7F60005F00E /* FriendTableViewCell.swift in Sources */ = {isa = PBXBuildFile; fileRef = 4352FB3E2314E7F50005F00E /* FriendTableViewCell.swift */; };
		4352FB41231883D00005F00E /* PendingFriendRequestTableViewCell.swift in Sources */ = {isa = PBXBuildFile; fileRef = 4352FB40231883D00005F00E /* PendingFriendRequestTableViewCell.swift */; };
		4352FB452318A2AE0005F00E /* AddFriendsTableViewController.swift in Sources */ = {isa = PBXBuildFile; fileRef = 4352FB442318A2AE0005F00E /* AddFriendsTableViewController.swift */; };
		4352FB47231B030B0005F00E /* LikeFlagTableViewCell.swift in Sources */ = {isa = PBXBuildFile; fileRef = 4352FB46231B030B0005F00E /* LikeFlagTableViewCell.swift */; };
		4352FB49231D8AD80005F00E /* AddFriendTableViewCell.swift in Sources */ = {isa = PBXBuildFile; fileRef = 4352FB48231D8AD80005F00E /* AddFriendTableViewCell.swift */; };
		4352FB4B231F01860005F00E /* FeedTableViewController.swift in Sources */ = {isa = PBXBuildFile; fileRef = 4352FB4A231F01850005F00E /* FeedTableViewController.swift */; };
		43548C7D23CE6E0800151285 /* GoogleService-Info.plist in Resources */ = {isa = PBXBuildFile; fileRef = 43548C7C23CE6E0800151285 /* GoogleService-Info.plist */; };
		4358C93723DB465200363CBF /* ImageFullScreenViewController.swift in Sources */ = {isa = PBXBuildFile; fileRef = 4358C93623DB465200363CBF /* ImageFullScreenViewController.swift */; };
		4358C93923DCEE6B00363CBF /* quotes.json in Resources */ = {isa = PBXBuildFile; fileRef = 4358C93823DCEE6B00363CBF /* quotes.json */; };
		4358C93D23DCEF5800363CBF /* Quote.swift in Sources */ = {isa = PBXBuildFile; fileRef = 4358C93C23DCEF5800363CBF /* Quote.swift */; };
		435C939723ABEBC200328EBC /* Constraints.swift in Sources */ = {isa = PBXBuildFile; fileRef = 435C939623ABEBC100328EBC /* Constraints.swift */; };
		435C93A023AC4CEC00328EBC /* ImageTutorialViewController.swift in Sources */ = {isa = PBXBuildFile; fileRef = 435C939F23AC4CEC00328EBC /* ImageTutorialViewController.swift */; };
		436A0B89249D2358007C7A2C /* APIService.swift in Sources */ = {isa = PBXBuildFile; fileRef = 436A0B88249D2358007C7A2C /* APIService.swift */; };
		436A0B8B249D2FA8007C7A2C /* AuthService.swift in Sources */ = {isa = PBXBuildFile; fileRef = 436A0B8A249D2FA8007C7A2C /* AuthService.swift */; };
		436A0B8D249D386D007C7A2C /* UserService.swift in Sources */ = {isa = PBXBuildFile; fileRef = 436A0B8C249D386D007C7A2C /* UserService.swift */; };
		436A0B8F249D5221007C7A2C /* ActivityService.swift in Sources */ = {isa = PBXBuildFile; fileRef = 436A0B8E249D5221007C7A2C /* ActivityService.swift */; };
		436A0B91249D52FA007C7A2C /* Activity.swift in Sources */ = {isa = PBXBuildFile; fileRef = 436A0B90249D52FA007C7A2C /* Activity.swift */; };
		436A0B93249D5525007C7A2C /* ActivityComment.swift in Sources */ = {isa = PBXBuildFile; fileRef = 436A0B92249D5525007C7A2C /* ActivityComment.swift */; };
		436C17F722D378E800C3D7A9 /* LikeView.swift in Sources */ = {isa = PBXBuildFile; fileRef = 436C17F622D378E800C3D7A9 /* LikeView.swift */; };
		436C17F922D378F400C3D7A9 /* FlagView.swift in Sources */ = {isa = PBXBuildFile; fileRef = 436C17F822D378F400C3D7A9 /* FlagView.swift */; };
		436F9BD222AF57F90047D56F /* HomeViewController.swift in Sources */ = {isa = PBXBuildFile; fileRef = 436F9BD122AF57F90047D56F /* HomeViewController.swift */; };
		436F9BD422B03CED0047D56F /* HighLowView.swift in Sources */ = {isa = PBXBuildFile; fileRef = 436F9BD322B03CED0047D56F /* HighLowView.swift */; };
		436F9BD622B045140047D56F /* HLSectionView.swift in Sources */ = {isa = PBXBuildFile; fileRef = 436F9BD522B045140047D56F /* HLSectionView.swift */; };
		43709F3A2304D68600882031 /* Comment.swift in Sources */ = {isa = PBXBuildFile; fileRef = 43709F392304D68600882031 /* Comment.swift */; };
		437C22A522D55A3100DB6997 /* HLImageView.swift in Sources */ = {isa = PBXBuildFile; fileRef = 437C22A422D55A3100DB6997 /* HLImageView.swift */; };
		437F54D12376FF560036DBC2 /* MessageTableViewCell.swift in Sources */ = {isa = PBXBuildFile; fileRef = 437F54D02376FF560036DBC2 /* MessageTableViewCell.swift */; };
		437F54D52379AEAD0036DBC2 /* Reachability.swift in Sources */ = {isa = PBXBuildFile; fileRef = 437F54D42379AEAC0036DBC2 /* Reachability.swift */; };
		438B9DAB2299D92200A79783 /* SignInViewController.swift in Sources */ = {isa = PBXBuildFile; fileRef = 438B9DAA2299D92200A79783 /* SignInViewController.swift */; };
		438B9DAD2299E28800A79783 /* HLTextField.swift in Sources */ = {isa = PBXBuildFile; fileRef = 438B9DAC2299E28800A79783 /* HLTextField.swift */; };
		438D568D237AEB5600639E71 /* NotificationsSettingsViewController.swift in Sources */ = {isa = PBXBuildFile; fileRef = 438D568C237AEB5600639E71 /* NotificationsSettingsViewController.swift */; };
		438D568F237E293500639E71 /* HLNavigationController.swift in Sources */ = {isa = PBXBuildFile; fileRef = 438D568E237E293500639E71 /* HLNavigationController.swift */; };
		438D5693237EEB7800639E71 /* GifTutorialViewController.swift in Sources */ = {isa = PBXBuildFile; fileRef = 438D5692237EEB7800639E71 /* GifTutorialViewController.swift */; };
		438D569523803B7400639E71 /* HomeScreen.gif in Resources */ = {isa = PBXBuildFile; fileRef = 438D569423803B7400639E71 /* HomeScreen.gif */; };
		438D569623803C2900639E71 /* definite.m4r in Resources */ = {isa = PBXBuildFile; fileRef = 437F54CF23762B7E0036DBC2 /* definite.m4r */; };
		438D569923809FE300639E71 /* TutorialPageViewController.swift in Sources */ = {isa = PBXBuildFile; fileRef = 438D569823809FE300639E71 /* TutorialPageViewController.swift */; };
		4393CEDB2433E5B900219591 /* ThemeControlTableViewCell.swift in Sources */ = {isa = PBXBuildFile; fileRef = 4393CEDA2433E5B900219591 /* ThemeControlTableViewCell.swift */; };
		4393CEDD2435353E00219591 /* DarkModeViewController.swift in Sources */ = {isa = PBXBuildFile; fileRef = 4393CEDC2435353E00219591 /* DarkModeViewController.swift */; };
		439B869A23B0FB4F006FC018 /* InterestsPitchViewController.swift in Sources */ = {isa = PBXBuildFile; fileRef = 439B869923B0FB4F006FC018 /* InterestsPitchViewController.swift */; };
		439BFB3622B556F8007341B6 /* HLLoaderView.swift in Sources */ = {isa = PBXBuildFile; fileRef = 439BFB3522B556F8007341B6 /* HLLoaderView.swift */; };
		439F770823AD4BBE00B79518 /* EditInterestsViewController.swift in Sources */ = {isa = PBXBuildFile; fileRef = 439F770723AD4BBE00B79518 /* EditInterestsViewController.swift */; };
		439F770A23AD562300B79518 /* InterestTableViewCell.swift in Sources */ = {isa = PBXBuildFile; fileRef = 439F770923AD562300B79518 /* InterestTableViewCell.swift */; };
		43A0935622D55E8300C134FD /* CommentViewCell.swift in Sources */ = {isa = PBXBuildFile; fileRef = 43A0935522D55E8300C134FD /* CommentViewCell.swift */; };
		43A958D522DA184000BCE75A /* HighLow.swift in Sources */ = {isa = PBXBuildFile; fileRef = 43A958D422DA184000BCE75A /* HighLow.swift */; };
		43AF930E2235FBF5004B89BA /* AppDelegate.swift in Sources */ = {isa = PBXBuildFile; fileRef = 43AF930D2235FBF5004B89BA /* AppDelegate.swift */; };
		43AF93152235FBF8004B89BA /* Assets.xcassets in Resources */ = {isa = PBXBuildFile; fileRef = 43AF93142235FBF8004B89BA /* Assets.xcassets */; };
		43AF93182235FBF8004B89BA /* LaunchScreen.storyboard in Resources */ = {isa = PBXBuildFile; fileRef = 43AF93162235FBF8004B89BA /* LaunchScreen.storyboard */; };
		43AF93232235FBF9004B89BA /* HighLowTests.swift in Sources */ = {isa = PBXBuildFile; fileRef = 43AF93222235FBF9004B89BA /* HighLowTests.swift */; };
		43AF932E2235FBF9004B89BA /* HighLowUITests.swift in Sources */ = {isa = PBXBuildFile; fileRef = 43AF932D2235FBF9004B89BA /* HighLowUITests.swift */; };
		43BF8C322437EB3A001A1B6B /* GifTutorialView.swift in Sources */ = {isa = PBXBuildFile; fileRef = 43BF8C312437EB3A001A1B6B /* GifTutorialView.swift */; };
		43BF8C342437EC82001A1B6B /* ImageTutorialView.swift in Sources */ = {isa = PBXBuildFile; fileRef = 43BF8C332437EC82001A1B6B /* ImageTutorialView.swift */; };
		43C7FAC1244A46E700266FE1 /* Crisp.xcframework in Frameworks */ = {isa = PBXBuildFile; fileRef = 43C7FABF244A46CB00266FE1 /* Crisp.xcframework */; };
		43C7FAC2244A46E700266FE1 /* Crisp.xcframework in Embed Frameworks */ = {isa = PBXBuildFile; fileRef = 43C7FABF244A46CB00266FE1 /* Crisp.xcframework */; settings = {ATTRIBUTES = (CodeSignOnCopy, ); }; };
		43D2504F233AD50D00B6F9CA /* DateHeader.swift in Sources */ = {isa = PBXBuildFile; fileRef = 43D2504E233AD50D00B6F9CA /* DateHeader.swift */; };
		43D25053233FD95100B6F9CA /* AboutSection.swift in Sources */ = {isa = PBXBuildFile; fileRef = 43D25052233FD95100B6F9CA /* AboutSection.swift */; };
		43D25055233FD99200B6F9CA /* AboutOption.swift in Sources */ = {isa = PBXBuildFile; fileRef = 43D25054233FD99200B6F9CA /* AboutOption.swift */; };
		43D25057233FE0F600B6F9CA /* ReportBugViewController.swift in Sources */ = {isa = PBXBuildFile; fileRef = 43D25056233FE0F600B6F9CA /* ReportBugViewController.swift */; };
		43D3C63023B8281E008FF09E /* Tutorials.storyboard in Resources */ = {isa = PBXBuildFile; fileRef = 43D3C62F23B8281E008FF09E /* Tutorials.storyboard */; };
		43D5B44722A1AC2B00AB1DBA /* Tabs.storyboard in Resources */ = {isa = PBXBuildFile; fileRef = 43D5B44622A1AC2B00AB1DBA /* Tabs.storyboard */; };
		43D5B44922A1AD6200AB1DBA /* MainViewController.swift in Sources */ = {isa = PBXBuildFile; fileRef = 43D5B44822A1AD6200AB1DBA /* MainViewController.swift */; };
		43D5B44B22A7515E00AB1DBA /* ForgotPasswordViewController.swift in Sources */ = {isa = PBXBuildFile; fileRef = 43D5B44A22A7515E00AB1DBA /* ForgotPasswordViewController.swift */; };
		43D6CF0D232DF1B700398565 /* AboutTableViewController.swift in Sources */ = {isa = PBXBuildFile; fileRef = 43D6CF0C232DF1B700398565 /* AboutTableViewController.swift */; };
		43F688872333AE9800B35715 /* CalendarViewController.swift in Sources */ = {isa = PBXBuildFile; fileRef = 43F688862333AE9800B35715 /* CalendarViewController.swift */; };
		BD68D8974EBAB0CCE8383895 /* Pods_HighLow.framework in Frameworks */ = {isa = PBXBuildFile; fileRef = 03750BE131310064C08EE32F /* Pods_HighLow.framework */; };
		DFB44A1880CB14B35FB881A8 /* Pods_HighLowUITests.framework in Frameworks */ = {isa = PBXBuildFile; fileRef = ADC0D9DFE12A735514B54CC9 /* Pods_HighLowUITests.framework */; };
/* End PBXBuildFile section */

/* Begin PBXContainerItemProxy section */
		43AF931F2235FBF9004B89BA /* PBXContainerItemProxy */ = {
			isa = PBXContainerItemProxy;
			containerPortal = 43AF93022235FBF5004B89BA /* Project object */;
			proxyType = 1;
			remoteGlobalIDString = 43AF93092235FBF5004B89BA;
			remoteInfo = HighLow;
		};
		43AF932A2235FBF9004B89BA /* PBXContainerItemProxy */ = {
			isa = PBXContainerItemProxy;
			containerPortal = 43AF93022235FBF5004B89BA /* Project object */;
			proxyType = 1;
			remoteGlobalIDString = 43AF93092235FBF5004B89BA;
			remoteInfo = HighLow;
		};
/* End PBXContainerItemProxy section */

/* Begin PBXCopyFilesBuildPhase section */
		43C7FAC3244A46E700266FE1 /* Embed Frameworks */ = {
			isa = PBXCopyFilesBuildPhase;
			buildActionMask = 2147483647;
			dstPath = "";
			dstSubfolderSpec = 10;
			files = (
				43C7FAC2244A46E700266FE1 /* Crisp.xcframework in Embed Frameworks */,
			);
			name = "Embed Frameworks";
			runOnlyForDeploymentPostprocessing = 0;
		};
/* End PBXCopyFilesBuildPhase section */

/* Begin PBXFileReference section */
		03750BE131310064C08EE32F /* Pods_HighLow.framework */ = {isa = PBXFileReference; explicitFileType = wrapper.framework; includeInIndex = 0; path = Pods_HighLow.framework; sourceTree = BUILT_PRODUCTS_DIR; };
		0BAE70B8E9EA0474EA8867C1 /* Pods-HighLow-HighLowTests.release.xcconfig */ = {isa = PBXFileReference; includeInIndex = 1; lastKnownFileType = text.xcconfig; name = "Pods-HighLow-HighLowTests.release.xcconfig"; path = "Pods/Target Support Files/Pods-HighLow-HighLowTests/Pods-HighLow-HighLowTests.release.xcconfig"; sourceTree = "<group>"; };
		0EDF6673E37758487DDCE76B /* Pods-HighLowTests.release.xcconfig */ = {isa = PBXFileReference; includeInIndex = 1; lastKnownFileType = text.xcconfig; name = "Pods-HighLowTests.release.xcconfig"; path = "Pods/Target Support Files/Pods-HighLowTests/Pods-HighLowTests.release.xcconfig"; sourceTree = "<group>"; };
		43030041229F81260030C61C /* Helpers.swift */ = {isa = PBXFileReference; lastKnownFileType = sourcecode.swift; path = Helpers.swift; sourceTree = "<group>"; };
		43030043229F88D50030C61C /* HLButton.swift */ = {isa = PBXFileReference; lastKnownFileType = sourcecode.swift; path = HLButton.swift; sourceTree = "<group>"; };
		4303004522A089470030C61C /* CreateAccountViewController.swift */ = {isa = PBXFileReference; lastKnownFileType = sourcecode.swift; path = CreateAccountViewController.swift; sourceTree = "<group>"; };
		4307AB5422B059290013044C /* EditHLViewController.swift */ = {isa = PBXFileReference; lastKnownFileType = sourcecode.swift; path = EditHLViewController.swift; sourceTree = "<group>"; };
		4307AB5822B2F24D0013044C /* ImageCache.swift */ = {isa = PBXFileReference; lastKnownFileType = sourcecode.swift; path = ImageCache.swift; sourceTree = "<group>"; };
		430860FE229986E700C4B10F /* Authentication.storyboard */ = {isa = PBXFileReference; lastKnownFileType = file.storyboard; path = Authentication.storyboard; sourceTree = "<group>"; };
		430861002299884500C4B10F /* GradientUIView.swift */ = {isa = PBXFileReference; lastKnownFileType = sourcecode.swift; path = GradientUIView.swift; sourceTree = "<group>"; };
		430B6F5522DE91D500046897 /* EditCommentViewController.swift */ = {isa = PBXFileReference; lastKnownFileType = sourcecode.swift; path = EditCommentViewController.swift; sourceTree = "<group>"; };
		430B6F5722DF9FA700046897 /* HighLowPageViewController.swift */ = {isa = PBXFileReference; lastKnownFileType = sourcecode.swift; path = HighLowPageViewController.swift; sourceTree = "<group>"; };
		430B6F5922E11B6E00046897 /* ProfileTableViewController.swift */ = {isa = PBXFileReference; lastKnownFileType = sourcecode.swift; path = ProfileTableViewController.swift; sourceTree = "<group>"; };
		430B6F5B22E1320700046897 /* StreakView.swift */ = {isa = PBXFileReference; lastKnownFileType = sourcecode.swift; path = StreakView.swift; sourceTree = "<group>"; };
		430BB469233545F8001B48C7 /* DateCell.swift */ = {isa = PBXFileReference; lastKnownFileType = sourcecode.swift; path = DateCell.swift; sourceTree = "<group>"; };
		43103CE823D5DEA500FD0EF3 /* TermsAndConditionsViewController.swift */ = {isa = PBXFileReference; lastKnownFileType = sourcecode.swift; path = TermsAndConditionsViewController.swift; sourceTree = "<group>"; };
		4318C0B522E6334600E393C9 /* HighLowTableViewCell.swift */ = {isa = PBXFileReference; lastKnownFileType = sourcecode.swift; path = HighLowTableViewCell.swift; sourceTree = "<group>"; };
		43244D912388BE0E00B7B551 /* Calendar.gif */ = {isa = PBXFileReference; lastKnownFileType = image.gif; path = Calendar.gif; sourceTree = "<group>"; };
		43287A4522DD48BF004A2F52 /* ShowAllCommentsViewCell.swift */ = {isa = PBXFileReference; lastKnownFileType = sourcecode.swift; path = ShowAllCommentsViewCell.swift; sourceTree = "<group>"; };
		4329E3A722E7C1B8004D0735 /* EditProfileViewController.swift */ = {isa = PBXFileReference; lastKnownFileType = sourcecode.swift; path = EditProfileViewController.swift; sourceTree = "<group>"; };
		4340802C22CE304C009778ED /* TODO.md */ = {isa = PBXFileReference; lastKnownFileType = net.daringfireball.markdown; path = TODO.md; sourceTree = "<group>"; };
		4352FB3A231207FD0005F00E /* FriendsTableViewController.swift */ = {isa = PBXFileReference; lastKnownFileType = sourcecode.swift; path = FriendsTableViewController.swift; sourceTree = "<group>"; };
		4352FB3C231209300005F00E /* User.swift */ = {isa = PBXFileReference; lastKnownFileType = sourcecode.swift; path = User.swift; sourceTree = "<group>"; };
		4352FB3E2314E7F50005F00E /* FriendTableViewCell.swift */ = {isa = PBXFileReference; lastKnownFileType = sourcecode.swift; path = FriendTableViewCell.swift; sourceTree = "<group>"; };
		4352FB40231883D00005F00E /* PendingFriendRequestTableViewCell.swift */ = {isa = PBXFileReference; lastKnownFileType = sourcecode.swift; path = PendingFriendRequestTableViewCell.swift; sourceTree = "<group>"; };
		4352FB442318A2AE0005F00E /* AddFriendsTableViewController.swift */ = {isa = PBXFileReference; lastKnownFileType = sourcecode.swift; path = AddFriendsTableViewController.swift; sourceTree = "<group>"; };
		4352FB46231B030B0005F00E /* LikeFlagTableViewCell.swift */ = {isa = PBXFileReference; lastKnownFileType = sourcecode.swift; path = LikeFlagTableViewCell.swift; sourceTree = "<group>"; };
		4352FB48231D8AD80005F00E /* AddFriendTableViewCell.swift */ = {isa = PBXFileReference; lastKnownFileType = sourcecode.swift; path = AddFriendTableViewCell.swift; sourceTree = "<group>"; };
		4352FB4A231F01850005F00E /* FeedTableViewController.swift */ = {isa = PBXFileReference; lastKnownFileType = sourcecode.swift; path = FeedTableViewController.swift; sourceTree = "<group>"; };
		43548C7C23CE6E0800151285 /* GoogleService-Info.plist */ = {isa = PBXFileReference; fileEncoding = 4; lastKnownFileType = text.plist.xml; path = "GoogleService-Info.plist"; sourceTree = "<group>"; };
		4358C93623DB465200363CBF /* ImageFullScreenViewController.swift */ = {isa = PBXFileReference; lastKnownFileType = sourcecode.swift; path = ImageFullScreenViewController.swift; sourceTree = "<group>"; };
		4358C93823DCEE6B00363CBF /* quotes.json */ = {isa = PBXFileReference; lastKnownFileType = text.json; path = quotes.json; sourceTree = "<group>"; };
		4358C93C23DCEF5800363CBF /* Quote.swift */ = {isa = PBXFileReference; lastKnownFileType = sourcecode.swift; path = Quote.swift; sourceTree = "<group>"; };
		435C939623ABEBC100328EBC /* Constraints.swift */ = {isa = PBXFileReference; lastKnownFileType = sourcecode.swift; path = Constraints.swift; sourceTree = "<group>"; };
		435C939F23AC4CEC00328EBC /* ImageTutorialViewController.swift */ = {isa = PBXFileReference; lastKnownFileType = sourcecode.swift; path = ImageTutorialViewController.swift; sourceTree = "<group>"; };
		436A0B88249D2358007C7A2C /* APIService.swift */ = {isa = PBXFileReference; lastKnownFileType = sourcecode.swift; path = APIService.swift; sourceTree = "<group>"; };
		436A0B8A249D2FA8007C7A2C /* AuthService.swift */ = {isa = PBXFileReference; lastKnownFileType = sourcecode.swift; path = AuthService.swift; sourceTree = "<group>"; };
		436A0B8C249D386D007C7A2C /* UserService.swift */ = {isa = PBXFileReference; lastKnownFileType = sourcecode.swift; path = UserService.swift; sourceTree = "<group>"; };
		436A0B8E249D5221007C7A2C /* ActivityService.swift */ = {isa = PBXFileReference; lastKnownFileType = sourcecode.swift; path = ActivityService.swift; sourceTree = "<group>"; };
		436A0B90249D52FA007C7A2C /* Activity.swift */ = {isa = PBXFileReference; lastKnownFileType = sourcecode.swift; path = Activity.swift; sourceTree = "<group>"; };
		436A0B92249D5525007C7A2C /* ActivityComment.swift */ = {isa = PBXFileReference; lastKnownFileType = sourcecode.swift; path = ActivityComment.swift; sourceTree = "<group>"; };
		436C17F622D378E800C3D7A9 /* LikeView.swift */ = {isa = PBXFileReference; lastKnownFileType = sourcecode.swift; path = LikeView.swift; sourceTree = "<group>"; };
		436C17F822D378F400C3D7A9 /* FlagView.swift */ = {isa = PBXFileReference; lastKnownFileType = sourcecode.swift; path = FlagView.swift; sourceTree = "<group>"; };
		436F9BD122AF57F90047D56F /* HomeViewController.swift */ = {isa = PBXFileReference; lastKnownFileType = sourcecode.swift; path = HomeViewController.swift; sourceTree = "<group>"; };
		436F9BD322B03CED0047D56F /* HighLowView.swift */ = {isa = PBXFileReference; lastKnownFileType = sourcecode.swift; path = HighLowView.swift; sourceTree = "<group>"; };
		436F9BD522B045140047D56F /* HLSectionView.swift */ = {isa = PBXFileReference; lastKnownFileType = sourcecode.swift; path = HLSectionView.swift; sourceTree = "<group>"; };
		43709F392304D68600882031 /* Comment.swift */ = {isa = PBXFileReference; lastKnownFileType = sourcecode.swift; path = Comment.swift; sourceTree = "<group>"; };
		437C22A422D55A3100DB6997 /* HLImageView.swift */ = {isa = PBXFileReference; lastKnownFileType = sourcecode.swift; path = HLImageView.swift; sourceTree = "<group>"; };
		437F54CF23762B7E0036DBC2 /* definite.m4r */ = {isa = PBXFileReference; lastKnownFileType = file; path = definite.m4r; sourceTree = "<group>"; };
		437F54D02376FF560036DBC2 /* MessageTableViewCell.swift */ = {isa = PBXFileReference; lastKnownFileType = sourcecode.swift; path = MessageTableViewCell.swift; sourceTree = "<group>"; };
		437F54D42379AEAC0036DBC2 /* Reachability.swift */ = {isa = PBXFileReference; fileEncoding = 4; lastKnownFileType = sourcecode.swift; path = Reachability.swift; sourceTree = "<group>"; };
		438B9DAA2299D92200A79783 /* SignInViewController.swift */ = {isa = PBXFileReference; lastKnownFileType = sourcecode.swift; path = SignInViewController.swift; sourceTree = "<group>"; };
		438B9DAC2299E28800A79783 /* HLTextField.swift */ = {isa = PBXFileReference; lastKnownFileType = sourcecode.swift; path = HLTextField.swift; sourceTree = "<group>"; };
		438D568C237AEB5600639E71 /* NotificationsSettingsViewController.swift */ = {isa = PBXFileReference; lastKnownFileType = sourcecode.swift; path = NotificationsSettingsViewController.swift; sourceTree = "<group>"; };
		438D568E237E293500639E71 /* HLNavigationController.swift */ = {isa = PBXFileReference; lastKnownFileType = sourcecode.swift; path = HLNavigationController.swift; sourceTree = "<group>"; };
		438D5692237EEB7800639E71 /* GifTutorialViewController.swift */ = {isa = PBXFileReference; lastKnownFileType = sourcecode.swift; path = GifTutorialViewController.swift; sourceTree = "<group>"; };
		438D569423803B7400639E71 /* HomeScreen.gif */ = {isa = PBXFileReference; lastKnownFileType = image.gif; path = HomeScreen.gif; sourceTree = "<group>"; };
		438D569823809FE300639E71 /* TutorialPageViewController.swift */ = {isa = PBXFileReference; lastKnownFileType = sourcecode.swift; path = TutorialPageViewController.swift; sourceTree = "<group>"; };
		4393CEDA2433E5B900219591 /* ThemeControlTableViewCell.swift */ = {isa = PBXFileReference; lastKnownFileType = sourcecode.swift; path = ThemeControlTableViewCell.swift; sourceTree = "<group>"; };
		4393CEDC2435353E00219591 /* DarkModeViewController.swift */ = {isa = PBXFileReference; lastKnownFileType = sourcecode.swift; path = DarkModeViewController.swift; sourceTree = "<group>"; };
		439B869923B0FB4F006FC018 /* InterestsPitchViewController.swift */ = {isa = PBXFileReference; lastKnownFileType = sourcecode.swift; path = InterestsPitchViewController.swift; sourceTree = "<group>"; };
		439BFB3522B556F8007341B6 /* HLLoaderView.swift */ = {isa = PBXFileReference; lastKnownFileType = sourcecode.swift; path = HLLoaderView.swift; sourceTree = "<group>"; };
		439F770723AD4BBE00B79518 /* EditInterestsViewController.swift */ = {isa = PBXFileReference; lastKnownFileType = sourcecode.swift; path = EditInterestsViewController.swift; sourceTree = "<group>"; };
		439F770923AD562300B79518 /* InterestTableViewCell.swift */ = {isa = PBXFileReference; lastKnownFileType = sourcecode.swift; path = InterestTableViewCell.swift; sourceTree = "<group>"; };
		43A0935522D55E8300C134FD /* CommentViewCell.swift */ = {isa = PBXFileReference; lastKnownFileType = sourcecode.swift; path = CommentViewCell.swift; sourceTree = "<group>"; };
		43A958D422DA184000BCE75A /* HighLow.swift */ = {isa = PBXFileReference; lastKnownFileType = sourcecode.swift; path = HighLow.swift; sourceTree = "<group>"; };
		43AF930A2235FBF5004B89BA /* HighLow.app */ = {isa = PBXFileReference; explicitFileType = wrapper.application; includeInIndex = 0; path = HighLow.app; sourceTree = BUILT_PRODUCTS_DIR; };
		43AF930D2235FBF5004B89BA /* AppDelegate.swift */ = {isa = PBXFileReference; lastKnownFileType = sourcecode.swift; path = AppDelegate.swift; sourceTree = "<group>"; };
		43AF93142235FBF8004B89BA /* Assets.xcassets */ = {isa = PBXFileReference; lastKnownFileType = folder.assetcatalog; path = Assets.xcassets; sourceTree = "<group>"; };
		43AF93172235FBF8004B89BA /* Base */ = {isa = PBXFileReference; lastKnownFileType = file.storyboard; name = Base; path = Base.lproj/LaunchScreen.storyboard; sourceTree = "<group>"; };
		43AF93192235FBF8004B89BA /* Info.plist */ = {isa = PBXFileReference; lastKnownFileType = text.plist.xml; path = Info.plist; sourceTree = "<group>"; };
		43AF931E2235FBF9004B89BA /* HighLowTests.xctest */ = {isa = PBXFileReference; explicitFileType = wrapper.cfbundle; includeInIndex = 0; path = HighLowTests.xctest; sourceTree = BUILT_PRODUCTS_DIR; };
		43AF93222235FBF9004B89BA /* HighLowTests.swift */ = {isa = PBXFileReference; lastKnownFileType = sourcecode.swift; path = HighLowTests.swift; sourceTree = "<group>"; };
		43AF93242235FBF9004B89BA /* Info.plist */ = {isa = PBXFileReference; lastKnownFileType = text.plist.xml; path = Info.plist; sourceTree = "<group>"; };
		43AF93292235FBF9004B89BA /* HighLowUITests.xctest */ = {isa = PBXFileReference; explicitFileType = wrapper.cfbundle; includeInIndex = 0; path = HighLowUITests.xctest; sourceTree = BUILT_PRODUCTS_DIR; };
		43AF932D2235FBF9004B89BA /* HighLowUITests.swift */ = {isa = PBXFileReference; lastKnownFileType = sourcecode.swift; path = HighLowUITests.swift; sourceTree = "<group>"; };
		43AF932F2235FBF9004B89BA /* Info.plist */ = {isa = PBXFileReference; lastKnownFileType = text.plist.xml; path = Info.plist; sourceTree = "<group>"; };
		43BF8C312437EB3A001A1B6B /* GifTutorialView.swift */ = {isa = PBXFileReference; lastKnownFileType = sourcecode.swift; path = GifTutorialView.swift; sourceTree = "<group>"; };
		43BF8C332437EC82001A1B6B /* ImageTutorialView.swift */ = {isa = PBXFileReference; lastKnownFileType = sourcecode.swift; path = ImageTutorialView.swift; sourceTree = "<group>"; };
		43C7FABF244A46CB00266FE1 /* Crisp.xcframework */ = {isa = PBXFileReference; lastKnownFileType = wrapper.xcframework; path = Crisp.xcframework; sourceTree = "<group>"; };
		43CB5CCA2369F7C400738FA2 /* HighLow.entitlements */ = {isa = PBXFileReference; lastKnownFileType = text.plist.entitlements; path = HighLow.entitlements; sourceTree = "<group>"; };
		43D2504E233AD50D00B6F9CA /* DateHeader.swift */ = {isa = PBXFileReference; lastKnownFileType = sourcecode.swift; path = DateHeader.swift; sourceTree = "<group>"; };
		43D25052233FD95100B6F9CA /* AboutSection.swift */ = {isa = PBXFileReference; lastKnownFileType = sourcecode.swift; path = AboutSection.swift; sourceTree = "<group>"; };
		43D25054233FD99200B6F9CA /* AboutOption.swift */ = {isa = PBXFileReference; lastKnownFileType = sourcecode.swift; path = AboutOption.swift; sourceTree = "<group>"; };
		43D25056233FE0F600B6F9CA /* ReportBugViewController.swift */ = {isa = PBXFileReference; lastKnownFileType = sourcecode.swift; path = ReportBugViewController.swift; sourceTree = "<group>"; };
		43D3C62F23B8281E008FF09E /* Tutorials.storyboard */ = {isa = PBXFileReference; fileEncoding = 4; lastKnownFileType = file.storyboard; path = Tutorials.storyboard; sourceTree = "<group>"; };
		43D5B44622A1AC2B00AB1DBA /* Tabs.storyboard */ = {isa = PBXFileReference; lastKnownFileType = file.storyboard; path = Tabs.storyboard; sourceTree = "<group>"; };
		43D5B44822A1AD6200AB1DBA /* MainViewController.swift */ = {isa = PBXFileReference; lastKnownFileType = sourcecode.swift; path = MainViewController.swift; sourceTree = "<group>"; };
		43D5B44A22A7515E00AB1DBA /* ForgotPasswordViewController.swift */ = {isa = PBXFileReference; lastKnownFileType = sourcecode.swift; path = ForgotPasswordViewController.swift; sourceTree = "<group>"; };
		43D6CF0C232DF1B700398565 /* AboutTableViewController.swift */ = {isa = PBXFileReference; lastKnownFileType = sourcecode.swift; path = AboutTableViewController.swift; sourceTree = "<group>"; };
		43F688862333AE9800B35715 /* CalendarViewController.swift */ = {isa = PBXFileReference; lastKnownFileType = sourcecode.swift; path = CalendarViewController.swift; sourceTree = "<group>"; };
		5EB01BAC177192C8371FC1F7 /* Pods-HighLow.release.xcconfig */ = {isa = PBXFileReference; includeInIndex = 1; lastKnownFileType = text.xcconfig; name = "Pods-HighLow.release.xcconfig"; path = "Pods/Target Support Files/Pods-HighLow/Pods-HighLow.release.xcconfig"; sourceTree = "<group>"; };
		714A97ECAA1FD41A7DBE814F /* Pods_HighLow_HighLowTests.framework */ = {isa = PBXFileReference; explicitFileType = wrapper.framework; includeInIndex = 0; path = Pods_HighLow_HighLowTests.framework; sourceTree = BUILT_PRODUCTS_DIR; };
		7A06B31C31CF0C3E2849A5F4 /* Pods-HighLowUITests.release.xcconfig */ = {isa = PBXFileReference; includeInIndex = 1; lastKnownFileType = text.xcconfig; name = "Pods-HighLowUITests.release.xcconfig"; path = "Pods/Target Support Files/Pods-HighLowUITests/Pods-HighLowUITests.release.xcconfig"; sourceTree = "<group>"; };
		ADC0D9DFE12A735514B54CC9 /* Pods_HighLowUITests.framework */ = {isa = PBXFileReference; explicitFileType = wrapper.framework; includeInIndex = 0; path = Pods_HighLowUITests.framework; sourceTree = BUILT_PRODUCTS_DIR; };
		B428D1CE8F507432D9D4CC77 /* Pods-HighLowTests.debug.xcconfig */ = {isa = PBXFileReference; includeInIndex = 1; lastKnownFileType = text.xcconfig; name = "Pods-HighLowTests.debug.xcconfig"; path = "Pods/Target Support Files/Pods-HighLowTests/Pods-HighLowTests.debug.xcconfig"; sourceTree = "<group>"; };
		B8E2C2D674B9E9BDECE11403 /* Pods-HighLowUITests.debug.xcconfig */ = {isa = PBXFileReference; includeInIndex = 1; lastKnownFileType = text.xcconfig; name = "Pods-HighLowUITests.debug.xcconfig"; path = "Pods/Target Support Files/Pods-HighLowUITests/Pods-HighLowUITests.debug.xcconfig"; sourceTree = "<group>"; };
		C10FD2E08B556AE3BCF88800 /* Pods-HighLow.debug.xcconfig */ = {isa = PBXFileReference; includeInIndex = 1; lastKnownFileType = text.xcconfig; name = "Pods-HighLow.debug.xcconfig"; path = "Pods/Target Support Files/Pods-HighLow/Pods-HighLow.debug.xcconfig"; sourceTree = "<group>"; };
		E49842EDDF73155F352DCD99 /* Pods-HighLow-HighLowTests.debug.xcconfig */ = {isa = PBXFileReference; includeInIndex = 1; lastKnownFileType = text.xcconfig; name = "Pods-HighLow-HighLowTests.debug.xcconfig"; path = "Pods/Target Support Files/Pods-HighLow-HighLowTests/Pods-HighLow-HighLowTests.debug.xcconfig"; sourceTree = "<group>"; };
/* End PBXFileReference section */

/* Begin PBXFrameworksBuildPhase section */
		43AF93072235FBF5004B89BA /* Frameworks */ = {
			isa = PBXFrameworksBuildPhase;
			buildActionMask = 2147483647;
			files = (
				BD68D8974EBAB0CCE8383895 /* Pods_HighLow.framework in Frameworks */,
				43C7FAC1244A46E700266FE1 /* Crisp.xcframework in Frameworks */,
			);
			runOnlyForDeploymentPostprocessing = 0;
		};
		43AF931B2235FBF9004B89BA /* Frameworks */ = {
			isa = PBXFrameworksBuildPhase;
			buildActionMask = 2147483647;
			files = (
				0BBBD5E90BCD7BBB99286902 /* Pods_HighLow_HighLowTests.framework in Frameworks */,
			);
			runOnlyForDeploymentPostprocessing = 0;
		};
		43AF93262235FBF9004B89BA /* Frameworks */ = {
			isa = PBXFrameworksBuildPhase;
			buildActionMask = 2147483647;
			files = (
				DFB44A1880CB14B35FB881A8 /* Pods_HighLowUITests.framework in Frameworks */,
			);
			runOnlyForDeploymentPostprocessing = 0;
		};
/* End PBXFrameworksBuildPhase section */

/* Begin PBXGroup section */
		435C939823AC4AA800328EBC /* Authentication */ = {
			isa = PBXGroup;
			children = (
				438B9DAA2299D92200A79783 /* SignInViewController.swift */,
				4303004522A089470030C61C /* CreateAccountViewController.swift */,
				43D5B44A22A7515E00AB1DBA /* ForgotPasswordViewController.swift */,
				43103CE823D5DEA500FD0EF3 /* TermsAndConditionsViewController.swift */,
			);
			path = Authentication;
			sourceTree = "<group>";
		};
		435C939923AC4AC400328EBC /* Profile */ = {
			isa = PBXGroup;
			children = (
				4352FB442318A2AE0005F00E /* AddFriendsTableViewController.swift */,
				4352FB3A231207FD0005F00E /* FriendsTableViewController.swift */,
				4329E3A722E7C1B8004D0735 /* EditProfileViewController.swift */,
				439F770723AD4BBE00B79518 /* EditInterestsViewController.swift */,
				430B6F5922E11B6E00046897 /* ProfileTableViewController.swift */,
			);
			path = Profile;
			sourceTree = "<group>";
		};
		435C939A23AC4ADD00328EBC /* Home */ = {
			isa = PBXGroup;
			children = (
				438D568E237E293500639E71 /* HLNavigationController.swift */,
				430B6F5722DF9FA700046897 /* HighLowPageViewController.swift */,
				4307AB5422B059290013044C /* EditHLViewController.swift */,
				436F9BD122AF57F90047D56F /* HomeViewController.swift */,
				43F688862333AE9800B35715 /* CalendarViewController.swift */,
				430B6F5522DE91D500046897 /* EditCommentViewController.swift */,
			);
			path = Home;
			sourceTree = "<group>";
		};
		435C939B23AC4B7E00328EBC /* Feed */ = {
			isa = PBXGroup;
			children = (
				4352FB4A231F01850005F00E /* FeedTableViewController.swift */,
			);
			path = Feed;
			sourceTree = "<group>";
		};
		435C939C23AC4B8A00328EBC /* About */ = {
			isa = PBXGroup;
			children = (
				438D568C237AEB5600639E71 /* NotificationsSettingsViewController.swift */,
				43D6CF0C232DF1B700398565 /* AboutTableViewController.swift */,
				43D25056233FE0F600B6F9CA /* ReportBugViewController.swift */,
			);
			path = About;
			sourceTree = "<group>";
		};
		435C939D23AC4BC300328EBC /* Tutorials */ = {
			isa = PBXGroup;
			children = (
				438D569823809FE300639E71 /* TutorialPageViewController.swift */,
				43BF8C312437EB3A001A1B6B /* GifTutorialView.swift */,
				43BF8C332437EC82001A1B6B /* ImageTutorialView.swift */,
				438D5692237EEB7800639E71 /* GifTutorialViewController.swift */,
				435C939F23AC4CEC00328EBC /* ImageTutorialViewController.swift */,
			);
			path = Tutorials;
			sourceTree = "<group>";
		};
		435C939E23AC4BFE00328EBC /* Other */ = {
			isa = PBXGroup;
			children = (
				43D5B44822A1AD6200AB1DBA /* MainViewController.swift */,
				4358C93623DB465200363CBF /* ImageFullScreenViewController.swift */,
				439B869923B0FB4F006FC018 /* InterestsPitchViewController.swift */,
				4393CEDC2435353E00219591 /* DarkModeViewController.swift */,
			);
			path = Other;
			sourceTree = "<group>";
		};
		436A0B87249D213D007C7A2C /* Model */ = {
			isa = PBXGroup;
			children = (
				436A0B88249D2358007C7A2C /* APIService.swift */,
				436A0B8A249D2FA8007C7A2C /* AuthService.swift */,
				436A0B8C249D386D007C7A2C /* UserService.swift */,
				436A0B8E249D5221007C7A2C /* ActivityService.swift */,
			);
			path = Model;
			sourceTree = "<group>";
		};
		438D5697238043E000639E71 /* Gifs */ = {
			isa = PBXGroup;
			children = (
				438D569423803B7400639E71 /* HomeScreen.gif */,
				43244D912388BE0E00B7B551 /* Calendar.gif */,
			);
			path = Gifs;
			sourceTree = "<group>";
		};
		43A1C7A02299F073000D625C /* Storyboards */ = {
			isa = PBXGroup;
			children = (
				43D3C62F23B8281E008FF09E /* Tutorials.storyboard */,
				430860FE229986E700C4B10F /* Authentication.storyboard */,
				43D5B44622A1AC2B00AB1DBA /* Tabs.storyboard */,
			);
			path = Storyboards;
			sourceTree = "<group>";
		};
		43A1C7A12299F082000D625C /* ViewControllers */ = {
			isa = PBXGroup;
			children = (
				435C939823AC4AA800328EBC /* Authentication */,
				435C939923AC4AC400328EBC /* Profile */,
				435C939A23AC4ADD00328EBC /* Home */,
				435C939B23AC4B7E00328EBC /* Feed */,
				435C939C23AC4B8A00328EBC /* About */,
				435C939D23AC4BC300328EBC /* Tutorials */,
				435C939E23AC4BFE00328EBC /* Other */,
			);
			path = ViewControllers;
			sourceTree = "<group>";
		};
		43A1C7A22299F091000D625C /* CustomViews */ = {
			isa = PBXGroup;
			children = (
				43F688852332B6F800B35715 /* Components */,
				43F688842332B6A700B35715 /* TableViewCells */,
			);
			path = CustomViews;
			sourceTree = "<group>";
		};
		43A958D322DA182500BCE75A /* Data Classes */ = {
			isa = PBXGroup;
			children = (
				43A958D422DA184000BCE75A /* HighLow.swift */,
				43709F392304D68600882031 /* Comment.swift */,
				436A0B92249D5525007C7A2C /* ActivityComment.swift */,
				43D25052233FD95100B6F9CA /* AboutSection.swift */,
				4358C93C23DCEF5800363CBF /* Quote.swift */,
				43D25054233FD99200B6F9CA /* AboutOption.swift */,
				4352FB3C231209300005F00E /* User.swift */,
				436A0B90249D52FA007C7A2C /* Activity.swift */,
			);
			path = "Data Classes";
			sourceTree = "<group>";
		};
		43AF93012235FBF5004B89BA = {
			isa = PBXGroup;
			children = (
				43C7FABF244A46CB00266FE1 /* Crisp.xcframework */,
				43AF930C2235FBF5004B89BA /* HighLow */,
				43AF93212235FBF9004B89BA /* HighLowTests */,
				43AF932C2235FBF9004B89BA /* HighLowUITests */,
				43AF930B2235FBF5004B89BA /* Products */,
				FB2472EF5CDCECE996798FDC /* Pods */,
				833DE5386BCE8565A5D472E7 /* Frameworks */,
			);
			sourceTree = "<group>";
		};
		43AF930B2235FBF5004B89BA /* Products */ = {
			isa = PBXGroup;
			children = (
				43AF930A2235FBF5004B89BA /* HighLow.app */,
				43AF931E2235FBF9004B89BA /* HighLowTests.xctest */,
				43AF93292235FBF9004B89BA /* HighLowUITests.xctest */,
			);
			name = Products;
			sourceTree = "<group>";
		};
		43AF930C2235FBF5004B89BA /* HighLow */ = {
			isa = PBXGroup;
			children = (
				43CB5CCA2369F7C400738FA2 /* HighLow.entitlements */,
				43AF930D2235FBF5004B89BA /* AppDelegate.swift */,
				436A0B87249D213D007C7A2C /* Model */,
				43030041229F81260030C61C /* Helpers.swift */,
				4307AB5822B2F24D0013044C /* ImageCache.swift */,
				435C939623ABEBC100328EBC /* Constraints.swift */,
				4358C93823DCEE6B00363CBF /* quotes.json */,
				437F54D42379AEAC0036DBC2 /* Reachability.swift */,
				4340802C22CE304C009778ED /* TODO.md */,
				43A958D322DA182500BCE75A /* Data Classes */,
				43A1C7A22299F091000D625C /* CustomViews */,
				43A1C7A12299F082000D625C /* ViewControllers */,
				43A1C7A02299F073000D625C /* Storyboards */,
				43AF93142235FBF8004B89BA /* Assets.xcassets */,
				43AF93162235FBF8004B89BA /* LaunchScreen.storyboard */,
				43AF93192235FBF8004B89BA /* Info.plist */,
				438D5697238043E000639E71 /* Gifs */,
				437F54CF23762B7E0036DBC2 /* definite.m4r */,
				43548C7C23CE6E0800151285 /* GoogleService-Info.plist */,
			);
			path = HighLow;
			sourceTree = "<group>";
		};
		43AF93212235FBF9004B89BA /* HighLowTests */ = {
			isa = PBXGroup;
			children = (
				43AF93222235FBF9004B89BA /* HighLowTests.swift */,
				43AF93242235FBF9004B89BA /* Info.plist */,
			);
			path = HighLowTests;
			sourceTree = "<group>";
		};
		43AF932C2235FBF9004B89BA /* HighLowUITests */ = {
			isa = PBXGroup;
			children = (
				43AF932D2235FBF9004B89BA /* HighLowUITests.swift */,
				43AF932F2235FBF9004B89BA /* Info.plist */,
			);
			path = HighLowUITests;
			sourceTree = "<group>";
		};
		43F688842332B6A700B35715 /* TableViewCells */ = {
			isa = PBXGroup;
			children = (
				4352FB48231D8AD80005F00E /* AddFriendTableViewCell.swift */,
				43A0935522D55E8300C134FD /* CommentViewCell.swift */,
				437F54D02376FF560036DBC2 /* MessageTableViewCell.swift */,
				439F770923AD562300B79518 /* InterestTableViewCell.swift */,
				4352FB3E2314E7F50005F00E /* FriendTableViewCell.swift */,
				4318C0B522E6334600E393C9 /* HighLowTableViewCell.swift */,
				4393CEDA2433E5B900219591 /* ThemeControlTableViewCell.swift */,
				4352FB46231B030B0005F00E /* LikeFlagTableViewCell.swift */,
				430BB469233545F8001B48C7 /* DateCell.swift */,
				4352FB40231883D00005F00E /* PendingFriendRequestTableViewCell.swift */,
				43287A4522DD48BF004A2F52 /* ShowAllCommentsViewCell.swift */,
			);
			path = TableViewCells;
			sourceTree = "<group>";
		};
		43F688852332B6F800B35715 /* Components */ = {
			isa = PBXGroup;
			children = (
				436C17F822D378F400C3D7A9 /* FlagView.swift */,
				430861002299884500C4B10F /* GradientUIView.swift */,
				43D2504E233AD50D00B6F9CA /* DateHeader.swift */,
				436F9BD322B03CED0047D56F /* HighLowView.swift */,
				43030043229F88D50030C61C /* HLButton.swift */,
				437C22A422D55A3100DB6997 /* HLImageView.swift */,
				439BFB3522B556F8007341B6 /* HLLoaderView.swift */,
				436F9BD522B045140047D56F /* HLSectionView.swift */,
				438B9DAC2299E28800A79783 /* HLTextField.swift */,
				436C17F622D378E800C3D7A9 /* LikeView.swift */,
				430B6F5B22E1320700046897 /* StreakView.swift */,
			);
			path = Components;
			sourceTree = "<group>";
		};
		833DE5386BCE8565A5D472E7 /* Frameworks */ = {
			isa = PBXGroup;
			children = (
				03750BE131310064C08EE32F /* Pods_HighLow.framework */,
				ADC0D9DFE12A735514B54CC9 /* Pods_HighLowUITests.framework */,
				714A97ECAA1FD41A7DBE814F /* Pods_HighLow_HighLowTests.framework */,
			);
			name = Frameworks;
			sourceTree = "<group>";
		};
		FB2472EF5CDCECE996798FDC /* Pods */ = {
			isa = PBXGroup;
			children = (
				C10FD2E08B556AE3BCF88800 /* Pods-HighLow.debug.xcconfig */,
				5EB01BAC177192C8371FC1F7 /* Pods-HighLow.release.xcconfig */,
				B428D1CE8F507432D9D4CC77 /* Pods-HighLowTests.debug.xcconfig */,
				0EDF6673E37758487DDCE76B /* Pods-HighLowTests.release.xcconfig */,
				B8E2C2D674B9E9BDECE11403 /* Pods-HighLowUITests.debug.xcconfig */,
				7A06B31C31CF0C3E2849A5F4 /* Pods-HighLowUITests.release.xcconfig */,
				E49842EDDF73155F352DCD99 /* Pods-HighLow-HighLowTests.debug.xcconfig */,
				0BAE70B8E9EA0474EA8867C1 /* Pods-HighLow-HighLowTests.release.xcconfig */,
			);
			name = Pods;
			sourceTree = "<group>";
		};
/* End PBXGroup section */

/* Begin PBXNativeTarget section */
		43AF93092235FBF5004B89BA /* HighLow */ = {
			isa = PBXNativeTarget;
			buildConfigurationList = 43AF93322235FBF9004B89BA /* Build configuration list for PBXNativeTarget "HighLow" */;
			buildPhases = (
				DE9A83E832148506CF2709A4 /* [CP] Check Pods Manifest.lock */,
				43AF93062235FBF5004B89BA /* Sources */,
				43AF93072235FBF5004B89BA /* Frameworks */,
				43AF93082235FBF5004B89BA /* Resources */,
				2A564CFAD8F68B4266367FE6 /* [CP] Embed Pods Frameworks */,
				FE34B22696D2D8E98D6FFF3C /* [CP] Copy Pods Resources */,
				43C7FAC3244A46E700266FE1 /* Embed Frameworks */,
			);
			buildRules = (
			);
			dependencies = (
			);
			name = HighLow;
			productName = HighLow;
			productReference = 43AF930A2235FBF5004B89BA /* HighLow.app */;
			productType = "com.apple.product-type.application";
		};
		43AF931D2235FBF9004B89BA /* HighLowTests */ = {
			isa = PBXNativeTarget;
			buildConfigurationList = 43AF93352235FBF9004B89BA /* Build configuration list for PBXNativeTarget "HighLowTests" */;
			buildPhases = (
				19EEC83DB41968949A718BEC /* [CP] Check Pods Manifest.lock */,
				43AF931A2235FBF9004B89BA /* Sources */,
				43AF931B2235FBF9004B89BA /* Frameworks */,
				43AF931C2235FBF9004B89BA /* Resources */,
				F70F45D8CC15F8C1C193F1D9 /* [CP] Embed Pods Frameworks */,
				0A86D7399E34E4C1A6707928 /* [CP] Copy Pods Resources */,
			);
			buildRules = (
			);
			dependencies = (
				43AF93202235FBF9004B89BA /* PBXTargetDependency */,
			);
			name = HighLowTests;
			productName = HighLowTests;
			productReference = 43AF931E2235FBF9004B89BA /* HighLowTests.xctest */;
			productType = "com.apple.product-type.bundle.unit-test";
		};
		43AF93282235FBF9004B89BA /* HighLowUITests */ = {
			isa = PBXNativeTarget;
			buildConfigurationList = 43AF93382235FBF9004B89BA /* Build configuration list for PBXNativeTarget "HighLowUITests" */;
			buildPhases = (
				52422D6491D658A17F2B99B6 /* [CP] Check Pods Manifest.lock */,
				43AF93252235FBF9004B89BA /* Sources */,
				43AF93262235FBF9004B89BA /* Frameworks */,
				43AF93272235FBF9004B89BA /* Resources */,
			);
			buildRules = (
			);
			dependencies = (
				43AF932B2235FBF9004B89BA /* PBXTargetDependency */,
			);
			name = HighLowUITests;
			productName = HighLowUITests;
			productReference = 43AF93292235FBF9004B89BA /* HighLowUITests.xctest */;
			productType = "com.apple.product-type.bundle.ui-testing";
		};
/* End PBXNativeTarget section */

/* Begin PBXProject section */
		43AF93022235FBF5004B89BA /* Project object */ = {
			isa = PBXProject;
			attributes = {
				LastSwiftUpdateCheck = 1010;
				LastUpgradeCheck = 1010;
				ORGANIZATIONNAME = "Caleb Hester";
				TargetAttributes = {
					43AF93092235FBF5004B89BA = {
						CreatedOnToolsVersion = 10.1;
						LastSwiftMigration = 1120;
					};
					43AF931D2235FBF9004B89BA = {
						CreatedOnToolsVersion = 10.1;
						LastSwiftMigration = 1120;
						TestTargetID = 43AF93092235FBF5004B89BA;
					};
					43AF93282235FBF9004B89BA = {
						CreatedOnToolsVersion = 10.1;
						LastSwiftMigration = 1120;
						TestTargetID = 43AF93092235FBF5004B89BA;
					};
				};
			};
			buildConfigurationList = 43AF93052235FBF5004B89BA /* Build configuration list for PBXProject "HighLow" */;
			compatibilityVersion = "Xcode 9.3";
			developmentRegion = en;
			hasScannedForEncodings = 0;
			knownRegions = (
				en,
				Base,
			);
			mainGroup = 43AF93012235FBF5004B89BA;
			productRefGroup = 43AF930B2235FBF5004B89BA /* Products */;
			projectDirPath = "";
			projectRoot = "";
			targets = (
				43AF93092235FBF5004B89BA /* HighLow */,
				43AF931D2235FBF9004B89BA /* HighLowTests */,
				43AF93282235FBF9004B89BA /* HighLowUITests */,
			);
		};
/* End PBXProject section */

/* Begin PBXResourcesBuildPhase section */
		43AF93082235FBF5004B89BA /* Resources */ = {
			isa = PBXResourcesBuildPhase;
			buildActionMask = 2147483647;
			files = (
				438D569623803C2900639E71 /* definite.m4r in Resources */,
				43D5B44722A1AC2B00AB1DBA /* Tabs.storyboard in Resources */,
				43D3C63023B8281E008FF09E /* Tutorials.storyboard in Resources */,
				43244D922388BE0E00B7B551 /* Calendar.gif in Resources */,
				430860FF229986E700C4B10F /* Authentication.storyboard in Resources */,
				438D569523803B7400639E71 /* HomeScreen.gif in Resources */,
				4358C93923DCEE6B00363CBF /* quotes.json in Resources */,
				43548C7D23CE6E0800151285 /* GoogleService-Info.plist in Resources */,
				43AF93182235FBF8004B89BA /* LaunchScreen.storyboard in Resources */,
				43AF93152235FBF8004B89BA /* Assets.xcassets in Resources */,
			);
			runOnlyForDeploymentPostprocessing = 0;
		};
		43AF931C2235FBF9004B89BA /* Resources */ = {
			isa = PBXResourcesBuildPhase;
			buildActionMask = 2147483647;
			files = (
			);
			runOnlyForDeploymentPostprocessing = 0;
		};
		43AF93272235FBF9004B89BA /* Resources */ = {
			isa = PBXResourcesBuildPhase;
			buildActionMask = 2147483647;
			files = (
			);
			runOnlyForDeploymentPostprocessing = 0;
		};
/* End PBXResourcesBuildPhase section */

/* Begin PBXShellScriptBuildPhase section */
		0A86D7399E34E4C1A6707928 /* [CP] Copy Pods Resources */ = {
			isa = PBXShellScriptBuildPhase;
			buildActionMask = 2147483647;
			files = (
			);
			inputFileListPaths = (
				"${PODS_ROOT}/Target Support Files/Pods-HighLow-HighLowTests/Pods-HighLow-HighLowTests-resources-${CONFIGURATION}-input-files.xcfilelist",
			);
			name = "[CP] Copy Pods Resources";
			outputFileListPaths = (
				"${PODS_ROOT}/Target Support Files/Pods-HighLow-HighLowTests/Pods-HighLow-HighLowTests-resources-${CONFIGURATION}-output-files.xcfilelist",
			);
			runOnlyForDeploymentPostprocessing = 0;
			shellPath = /bin/sh;
			shellScript = "\"${PODS_ROOT}/Target Support Files/Pods-HighLow-HighLowTests/Pods-HighLow-HighLowTests-resources.sh\"\n";
			showEnvVarsInLog = 0;
		};
		19EEC83DB41968949A718BEC /* [CP] Check Pods Manifest.lock */ = {
			isa = PBXShellScriptBuildPhase;
			buildActionMask = 2147483647;
			files = (
			);
			inputFileListPaths = (
			);
			inputPaths = (
				"${PODS_PODFILE_DIR_PATH}/Podfile.lock",
				"${PODS_ROOT}/Manifest.lock",
			);
			name = "[CP] Check Pods Manifest.lock";
			outputFileListPaths = (
			);
			outputPaths = (
				"$(DERIVED_FILE_DIR)/Pods-HighLow-HighLowTests-checkManifestLockResult.txt",
			);
			runOnlyForDeploymentPostprocessing = 0;
			shellPath = /bin/sh;
			shellScript = "diff \"${PODS_PODFILE_DIR_PATH}/Podfile.lock\" \"${PODS_ROOT}/Manifest.lock\" > /dev/null\nif [ $? != 0 ] ; then\n    # print error to STDERR\n    echo \"error: The sandbox is not in sync with the Podfile.lock. Run 'pod install' or update your CocoaPods installation.\" >&2\n    exit 1\nfi\n# This output is used by Xcode 'outputs' to avoid re-running this script phase.\necho \"SUCCESS\" > \"${SCRIPT_OUTPUT_FILE_0}\"\n";
			showEnvVarsInLog = 0;
		};
		2A564CFAD8F68B4266367FE6 /* [CP] Embed Pods Frameworks */ = {
			isa = PBXShellScriptBuildPhase;
			buildActionMask = 2147483647;
			files = (
			);
			inputFileListPaths = (
				"${PODS_ROOT}/Target Support Files/Pods-HighLow/Pods-HighLow-frameworks-${CONFIGURATION}-input-files.xcfilelist",
			);
			name = "[CP] Embed Pods Frameworks";
			outputFileListPaths = (
				"${PODS_ROOT}/Target Support Files/Pods-HighLow/Pods-HighLow-frameworks-${CONFIGURATION}-output-files.xcfilelist",
			);
			runOnlyForDeploymentPostprocessing = 0;
			shellPath = /bin/sh;
			shellScript = "\"${PODS_ROOT}/Target Support Files/Pods-HighLow/Pods-HighLow-frameworks.sh\"\n";
			showEnvVarsInLog = 0;
		};
		52422D6491D658A17F2B99B6 /* [CP] Check Pods Manifest.lock */ = {
			isa = PBXShellScriptBuildPhase;
			buildActionMask = 2147483647;
			files = (
			);
			inputFileListPaths = (
			);
			inputPaths = (
				"${PODS_PODFILE_DIR_PATH}/Podfile.lock",
				"${PODS_ROOT}/Manifest.lock",
			);
			name = "[CP] Check Pods Manifest.lock";
			outputFileListPaths = (
			);
			outputPaths = (
				"$(DERIVED_FILE_DIR)/Pods-HighLowUITests-checkManifestLockResult.txt",
			);
			runOnlyForDeploymentPostprocessing = 0;
			shellPath = /bin/sh;
			shellScript = "diff \"${PODS_PODFILE_DIR_PATH}/Podfile.lock\" \"${PODS_ROOT}/Manifest.lock\" > /dev/null\nif [ $? != 0 ] ; then\n    # print error to STDERR\n    echo \"error: The sandbox is not in sync with the Podfile.lock. Run 'pod install' or update your CocoaPods installation.\" >&2\n    exit 1\nfi\n# This output is used by Xcode 'outputs' to avoid re-running this script phase.\necho \"SUCCESS\" > \"${SCRIPT_OUTPUT_FILE_0}\"\n";
			showEnvVarsInLog = 0;
		};
		DE9A83E832148506CF2709A4 /* [CP] Check Pods Manifest.lock */ = {
			isa = PBXShellScriptBuildPhase;
			buildActionMask = 2147483647;
			files = (
			);
			inputFileListPaths = (
			);
			inputPaths = (
				"${PODS_PODFILE_DIR_PATH}/Podfile.lock",
				"${PODS_ROOT}/Manifest.lock",
			);
			name = "[CP] Check Pods Manifest.lock";
			outputFileListPaths = (
			);
			outputPaths = (
				"$(DERIVED_FILE_DIR)/Pods-HighLow-checkManifestLockResult.txt",
			);
			runOnlyForDeploymentPostprocessing = 0;
			shellPath = /bin/sh;
			shellScript = "diff \"${PODS_PODFILE_DIR_PATH}/Podfile.lock\" \"${PODS_ROOT}/Manifest.lock\" > /dev/null\nif [ $? != 0 ] ; then\n    # print error to STDERR\n    echo \"error: The sandbox is not in sync with the Podfile.lock. Run 'pod install' or update your CocoaPods installation.\" >&2\n    exit 1\nfi\n# This output is used by Xcode 'outputs' to avoid re-running this script phase.\necho \"SUCCESS\" > \"${SCRIPT_OUTPUT_FILE_0}\"\n";
			showEnvVarsInLog = 0;
		};
		F70F45D8CC15F8C1C193F1D9 /* [CP] Embed Pods Frameworks */ = {
			isa = PBXShellScriptBuildPhase;
			buildActionMask = 2147483647;
			files = (
			);
			inputFileListPaths = (
				"${PODS_ROOT}/Target Support Files/Pods-HighLow-HighLowTests/Pods-HighLow-HighLowTests-frameworks-${CONFIGURATION}-input-files.xcfilelist",
			);
			name = "[CP] Embed Pods Frameworks";
			outputFileListPaths = (
				"${PODS_ROOT}/Target Support Files/Pods-HighLow-HighLowTests/Pods-HighLow-HighLowTests-frameworks-${CONFIGURATION}-output-files.xcfilelist",
			);
			runOnlyForDeploymentPostprocessing = 0;
			shellPath = /bin/sh;
			shellScript = "\"${PODS_ROOT}/Target Support Files/Pods-HighLow-HighLowTests/Pods-HighLow-HighLowTests-frameworks.sh\"\n";
			showEnvVarsInLog = 0;
		};
		FE34B22696D2D8E98D6FFF3C /* [CP] Copy Pods Resources */ = {
			isa = PBXShellScriptBuildPhase;
			buildActionMask = 2147483647;
			files = (
			);
			inputFileListPaths = (
				"${PODS_ROOT}/Target Support Files/Pods-HighLow/Pods-HighLow-resources-${CONFIGURATION}-input-files.xcfilelist",
			);
			name = "[CP] Copy Pods Resources";
			outputFileListPaths = (
				"${PODS_ROOT}/Target Support Files/Pods-HighLow/Pods-HighLow-resources-${CONFIGURATION}-output-files.xcfilelist",
			);
			runOnlyForDeploymentPostprocessing = 0;
			shellPath = /bin/sh;
			shellScript = "\"${PODS_ROOT}/Target Support Files/Pods-HighLow/Pods-HighLow-resources.sh\"\n";
			showEnvVarsInLog = 0;
		};
/* End PBXShellScriptBuildPhase section */

/* Begin PBXSourcesBuildPhase section */
		43AF93062235FBF5004B89BA /* Sources */ = {
			isa = PBXSourcesBuildPhase;
			buildActionMask = 2147483647;
			files = (
				4303004622A089470030C61C /* CreateAccountViewController.swift in Sources */,
				43BF8C322437EB3A001A1B6B /* GifTutorialView.swift in Sources */,
				439B869A23B0FB4F006FC018 /* InterestsPitchViewController.swift in Sources */,
				435C93A023AC4CEC00328EBC /* ImageTutorialViewController.swift in Sources */,
				436A0B8D249D386D007C7A2C /* UserService.swift in Sources */,
				43103CE923D5DEA500FD0EF3 /* TermsAndConditionsViewController.swift in Sources */,
				43D25057233FE0F600B6F9CA /* ReportBugViewController.swift in Sources */,
				438D569923809FE300639E71 /* TutorialPageViewController.swift in Sources */,
				436F9BD422B03CED0047D56F /* HighLowView.swift in Sources */,
				430861012299884500C4B10F /* GradientUIView.swift in Sources */,
				4352FB3D231209300005F00E /* User.swift in Sources */,
				4352FB47231B030B0005F00E /* LikeFlagTableViewCell.swift in Sources */,
				439BFB3622B556F8007341B6 /* HLLoaderView.swift in Sources */,
				436C17F922D378F400C3D7A9 /* FlagView.swift in Sources */,
				439F770A23AD562300B79518 /* InterestTableViewCell.swift in Sources */,
				438B9DAD2299E28800A79783 /* HLTextField.swift in Sources */,
				430B6F5A22E11B6E00046897 /* ProfileTableViewController.swift in Sources */,
				438D5693237EEB7800639E71 /* GifTutorialViewController.swift in Sources */,
				43AF930E2235FBF5004B89BA /* AppDelegate.swift in Sources */,
				43030042229F81260030C61C /* Helpers.swift in Sources */,
				436A0B8F249D5221007C7A2C /* ActivityService.swift in Sources */,
				436F9BD622B045140047D56F /* HLSectionView.swift in Sources */,
				43709F3A2304D68600882031 /* Comment.swift in Sources */,
				43A0935622D55E8300C134FD /* CommentViewCell.swift in Sources */,
				43D25055233FD99200B6F9CA /* AboutOption.swift in Sources */,
				435C939723ABEBC200328EBC /* Constraints.swift in Sources */,
				43D5B44B22A7515E00AB1DBA /* ForgotPasswordViewController.swift in Sources */,
				43BF8C342437EC82001A1B6B /* ImageTutorialView.swift in Sources */,
				436A0B93249D5525007C7A2C /* ActivityComment.swift in Sources */,
				436A0B89249D2358007C7A2C /* APIService.swift in Sources */,
				4352FB3F2314E7F60005F00E /* FriendTableViewCell.swift in Sources */,
				4352FB3B231207FD0005F00E /* FriendsTableViewController.swift in Sources */,
				438B9DAB2299D92200A79783 /* SignInViewController.swift in Sources */,
				43287A4622DD48BF004A2F52 /* ShowAllCommentsViewCell.swift in Sources */,
				43030044229F88D50030C61C /* HLButton.swift in Sources */,
				438D568D237AEB5600639E71 /* NotificationsSettingsViewController.swift in Sources */,
				43F688872333AE9800B35715 /* CalendarViewController.swift in Sources */,
				43D5B44922A1AD6200AB1DBA /* MainViewController.swift in Sources */,
				430B6F5822DF9FA700046897 /* HighLowPageViewController.swift in Sources */,
				437C22A522D55A3100DB6997 /* HLImageView.swift in Sources */,
				436C17F722D378E800C3D7A9 /* LikeView.swift in Sources */,
				4329E3A822E7C1B8004D0735 /* EditProfileViewController.swift in Sources */,
				43A958D522DA184000BCE75A /* HighLow.swift in Sources */,
				436A0B91249D52FA007C7A2C /* Activity.swift in Sources */,
				430B6F5C22E1320800046897 /* StreakView.swift in Sources */,
				436F9BD222AF57F90047D56F /* HomeViewController.swift in Sources */,
				43D6CF0D232DF1B700398565 /* AboutTableViewController.swift in Sources */,
				430BB46A233545F8001B48C7 /* DateCell.swift in Sources */,
				4393CEDD2435353E00219591 /* DarkModeViewController.swift in Sources */,
				439F770823AD4BBE00B79518 /* EditInterestsViewController.swift in Sources */,
				438D568F237E293500639E71 /* HLNavigationController.swift in Sources */,
				4393CEDB2433E5B900219591 /* ThemeControlTableViewCell.swift in Sources */,
				436A0B8B249D2FA8007C7A2C /* AuthService.swift in Sources */,
				4358C93723DB465200363CBF /* ImageFullScreenViewController.swift in Sources */,
				430B6F5622DE91D500046897 /* EditCommentViewController.swift in Sources */,
				4307AB5922B2F24D0013044C /* ImageCache.swift in Sources */,
				4352FB4B231F01860005F00E /* FeedTableViewController.swift in Sources */,
				4307AB5522B059290013044C /* EditHLViewController.swift in Sources */,
				437F54D12376FF560036DBC2 /* MessageTableViewCell.swift in Sources */,
				4358C93D23DCEF5800363CBF /* Quote.swift in Sources */,
				437F54D52379AEAD0036DBC2 /* Reachability.swift in Sources */,
				43D2504F233AD50D00B6F9CA /* DateHeader.swift in Sources */,
				4352FB41231883D00005F00E /* PendingFriendRequestTableViewCell.swift in Sources */,
				4318C0B622E6334600E393C9 /* HighLowTableViewCell.swift in Sources */,
				4352FB452318A2AE0005F00E /* AddFriendsTableViewController.swift in Sources */,
				4352FB49231D8AD80005F00E /* AddFriendTableViewCell.swift in Sources */,
				43D25053233FD95100B6F9CA /* AboutSection.swift in Sources */,
			);
			runOnlyForDeploymentPostprocessing = 0;
		};
		43AF931A2235FBF9004B89BA /* Sources */ = {
			isa = PBXSourcesBuildPhase;
			buildActionMask = 2147483647;
			files = (
				43AF93232235FBF9004B89BA /* HighLowTests.swift in Sources */,
			);
			runOnlyForDeploymentPostprocessing = 0;
		};
		43AF93252235FBF9004B89BA /* Sources */ = {
			isa = PBXSourcesBuildPhase;
			buildActionMask = 2147483647;
			files = (
				43AF932E2235FBF9004B89BA /* HighLowUITests.swift in Sources */,
			);
			runOnlyForDeploymentPostprocessing = 0;
		};
/* End PBXSourcesBuildPhase section */

/* Begin PBXTargetDependency section */
		43AF93202235FBF9004B89BA /* PBXTargetDependency */ = {
			isa = PBXTargetDependency;
			target = 43AF93092235FBF5004B89BA /* HighLow */;
			targetProxy = 43AF931F2235FBF9004B89BA /* PBXContainerItemProxy */;
		};
		43AF932B2235FBF9004B89BA /* PBXTargetDependency */ = {
			isa = PBXTargetDependency;
			target = 43AF93092235FBF5004B89BA /* HighLow */;
			targetProxy = 43AF932A2235FBF9004B89BA /* PBXContainerItemProxy */;
		};
/* End PBXTargetDependency section */

/* Begin PBXVariantGroup section */
		43AF93162235FBF8004B89BA /* LaunchScreen.storyboard */ = {
			isa = PBXVariantGroup;
			children = (
				43AF93172235FBF8004B89BA /* Base */,
			);
			name = LaunchScreen.storyboard;
			sourceTree = "<group>";
		};
/* End PBXVariantGroup section */

/* Begin XCBuildConfiguration section */
		43AF93302235FBF9004B89BA /* Debug */ = {
			isa = XCBuildConfiguration;
			buildSettings = {
				ALWAYS_SEARCH_USER_PATHS = NO;
				CLANG_ANALYZER_NONNULL = YES;
				CLANG_ANALYZER_NUMBER_OBJECT_CONVERSION = YES_AGGRESSIVE;
				CLANG_CXX_LANGUAGE_STANDARD = "gnu++14";
				CLANG_CXX_LIBRARY = "libc++";
				CLANG_ENABLE_MODULES = YES;
				CLANG_ENABLE_OBJC_ARC = YES;
				CLANG_ENABLE_OBJC_WEAK = YES;
				CLANG_WARN_BLOCK_CAPTURE_AUTORELEASING = YES;
				CLANG_WARN_BOOL_CONVERSION = YES;
				CLANG_WARN_COMMA = YES;
				CLANG_WARN_CONSTANT_CONVERSION = YES;
				CLANG_WARN_DEPRECATED_OBJC_IMPLEMENTATIONS = YES;
				CLANG_WARN_DIRECT_OBJC_ISA_USAGE = YES_ERROR;
				CLANG_WARN_DOCUMENTATION_COMMENTS = YES;
				CLANG_WARN_EMPTY_BODY = YES;
				CLANG_WARN_ENUM_CONVERSION = YES;
				CLANG_WARN_INFINITE_RECURSION = YES;
				CLANG_WARN_INT_CONVERSION = YES;
				CLANG_WARN_NON_LITERAL_NULL_CONVERSION = YES;
				CLANG_WARN_OBJC_IMPLICIT_RETAIN_SELF = YES;
				CLANG_WARN_OBJC_LITERAL_CONVERSION = YES;
				CLANG_WARN_OBJC_ROOT_CLASS = YES_ERROR;
				CLANG_WARN_RANGE_LOOP_ANALYSIS = YES;
				CLANG_WARN_STRICT_PROTOTYPES = YES;
				CLANG_WARN_SUSPICIOUS_MOVE = YES;
				CLANG_WARN_UNGUARDED_AVAILABILITY = YES_AGGRESSIVE;
				CLANG_WARN_UNREACHABLE_CODE = YES;
				CLANG_WARN__DUPLICATE_METHOD_MATCH = YES;
				CODE_SIGN_IDENTITY = "iPhone Developer";
				COPY_PHASE_STRIP = NO;
				DEBUG_INFORMATION_FORMAT = dwarf;
				ENABLE_STRICT_OBJC_MSGSEND = YES;
				ENABLE_TESTABILITY = YES;
				GCC_C_LANGUAGE_STANDARD = gnu11;
				GCC_DYNAMIC_NO_PIC = NO;
				GCC_NO_COMMON_BLOCKS = YES;
				GCC_OPTIMIZATION_LEVEL = 0;
				GCC_PREPROCESSOR_DEFINITIONS = (
					"DEBUG=1",
					"$(inherited)",
				);
				GCC_WARN_64_TO_32_BIT_CONVERSION = YES;
				GCC_WARN_ABOUT_RETURN_TYPE = YES_ERROR;
				GCC_WARN_UNDECLARED_SELECTOR = YES;
				GCC_WARN_UNINITIALIZED_AUTOS = YES_AGGRESSIVE;
				GCC_WARN_UNUSED_FUNCTION = YES;
				GCC_WARN_UNUSED_VARIABLE = YES;
				IPHONEOS_DEPLOYMENT_TARGET = 12.1;
				MTL_ENABLE_DEBUG_INFO = INCLUDE_SOURCE;
				MTL_FAST_MATH = YES;
				ONLY_ACTIVE_ARCH = YES;
				SDKROOT = iphoneos;
				SWIFT_ACTIVE_COMPILATION_CONDITIONS = DEBUG;
				SWIFT_OPTIMIZATION_LEVEL = "-Onone";
			};
			name = Debug;
		};
		43AF93312235FBF9004B89BA /* Release */ = {
			isa = XCBuildConfiguration;
			buildSettings = {
				ALWAYS_SEARCH_USER_PATHS = NO;
				CLANG_ANALYZER_NONNULL = YES;
				CLANG_ANALYZER_NUMBER_OBJECT_CONVERSION = YES_AGGRESSIVE;
				CLANG_CXX_LANGUAGE_STANDARD = "gnu++14";
				CLANG_CXX_LIBRARY = "libc++";
				CLANG_ENABLE_MODULES = YES;
				CLANG_ENABLE_OBJC_ARC = YES;
				CLANG_ENABLE_OBJC_WEAK = YES;
				CLANG_WARN_BLOCK_CAPTURE_AUTORELEASING = YES;
				CLANG_WARN_BOOL_CONVERSION = YES;
				CLANG_WARN_COMMA = YES;
				CLANG_WARN_CONSTANT_CONVERSION = YES;
				CLANG_WARN_DEPRECATED_OBJC_IMPLEMENTATIONS = YES;
				CLANG_WARN_DIRECT_OBJC_ISA_USAGE = YES_ERROR;
				CLANG_WARN_DOCUMENTATION_COMMENTS = YES;
				CLANG_WARN_EMPTY_BODY = YES;
				CLANG_WARN_ENUM_CONVERSION = YES;
				CLANG_WARN_INFINITE_RECURSION = YES;
				CLANG_WARN_INT_CONVERSION = YES;
				CLANG_WARN_NON_LITERAL_NULL_CONVERSION = YES;
				CLANG_WARN_OBJC_IMPLICIT_RETAIN_SELF = YES;
				CLANG_WARN_OBJC_LITERAL_CONVERSION = YES;
				CLANG_WARN_OBJC_ROOT_CLASS = YES_ERROR;
				CLANG_WARN_RANGE_LOOP_ANALYSIS = YES;
				CLANG_WARN_STRICT_PROTOTYPES = YES;
				CLANG_WARN_SUSPICIOUS_MOVE = YES;
				CLANG_WARN_UNGUARDED_AVAILABILITY = YES_AGGRESSIVE;
				CLANG_WARN_UNREACHABLE_CODE = YES;
				CLANG_WARN__DUPLICATE_METHOD_MATCH = YES;
				CODE_SIGN_IDENTITY = "iPhone Developer";
				COPY_PHASE_STRIP = NO;
				DEBUG_INFORMATION_FORMAT = "dwarf-with-dsym";
				ENABLE_NS_ASSERTIONS = NO;
				ENABLE_STRICT_OBJC_MSGSEND = YES;
				GCC_C_LANGUAGE_STANDARD = gnu11;
				GCC_NO_COMMON_BLOCKS = YES;
				GCC_WARN_64_TO_32_BIT_CONVERSION = YES;
				GCC_WARN_ABOUT_RETURN_TYPE = YES_ERROR;
				GCC_WARN_UNDECLARED_SELECTOR = YES;
				GCC_WARN_UNINITIALIZED_AUTOS = YES_AGGRESSIVE;
				GCC_WARN_UNUSED_FUNCTION = YES;
				GCC_WARN_UNUSED_VARIABLE = YES;
				IPHONEOS_DEPLOYMENT_TARGET = 12.1;
				MTL_ENABLE_DEBUG_INFO = NO;
				MTL_FAST_MATH = YES;
				SDKROOT = iphoneos;
				SWIFT_COMPILATION_MODE = wholemodule;
				SWIFT_OPTIMIZATION_LEVEL = "-O";
				VALIDATE_PRODUCT = YES;
			};
			name = Release;
		};
		43AF93332235FBF9004B89BA /* Debug */ = {
			isa = XCBuildConfiguration;
			baseConfigurationReference = C10FD2E08B556AE3BCF88800 /* Pods-HighLow.debug.xcconfig */;
			buildSettings = {
				ASSETCATALOG_COMPILER_APPICON_NAME = AppIcon;
				CODE_SIGN_ENTITLEMENTS = HighLow/HighLow.entitlements;
				CODE_SIGN_STYLE = Automatic;
				CURRENT_PROJECT_VERSION = 19;
				DEAD_CODE_STRIPPING = NO;
				DEVELOPMENT_TEAM = 7X48M57387;
				INFOPLIST_FILE = HighLow/Info.plist;
				IPHONEOS_DEPLOYMENT_TARGET = 11.0;
				LD_RUNPATH_SEARCH_PATHS = (
					"$(inherited)",
					"@executable_path/Frameworks",
				);
				MARKETING_VERSION = 1.7;
				PRODUCT_BUNDLE_IDENTIFIER = com.gethighlow.HighLowApp;
				PRODUCT_NAME = "$(TARGET_NAME)";
				SUPPORTS_MACCATALYST = NO;
				SWIFT_VERSION = 5.0;
				TARGETED_DEVICE_FAMILY = "1,2";
			};
			name = Debug;
		};
		43AF93342235FBF9004B89BA /* Release */ = {
			isa = XCBuildConfiguration;
			baseConfigurationReference = 5EB01BAC177192C8371FC1F7 /* Pods-HighLow.release.xcconfig */;
			buildSettings = {
				ASSETCATALOG_COMPILER_APPICON_NAME = AppIcon;
				CODE_SIGN_ENTITLEMENTS = HighLow/HighLow.entitlements;
				CODE_SIGN_STYLE = Automatic;
				CURRENT_PROJECT_VERSION = 19;
				DEAD_CODE_STRIPPING = NO;
				DEVELOPMENT_TEAM = 7X48M57387;
				INFOPLIST_FILE = HighLow/Info.plist;
				IPHONEOS_DEPLOYMENT_TARGET = 11.0;
				LD_RUNPATH_SEARCH_PATHS = (
					"$(inherited)",
					"@executable_path/Frameworks",
				);
				MARKETING_VERSION = 1.7;
				PRODUCT_BUNDLE_IDENTIFIER = com.gethighlow.HighLowApp;
				PRODUCT_NAME = "$(TARGET_NAME)";
				SUPPORTS_MACCATALYST = NO;
				SWIFT_VERSION = 5.0;
				TARGETED_DEVICE_FAMILY = "1,2";
			};
			name = Release;
		};
		43AF93362235FBF9004B89BA /* Debug */ = {
			isa = XCBuildConfiguration;
			baseConfigurationReference = E49842EDDF73155F352DCD99 /* Pods-HighLow-HighLowTests.debug.xcconfig */;
			buildSettings = {
				ALWAYS_EMBED_SWIFT_STANDARD_LIBRARIES = YES;
				BUNDLE_LOADER = "$(TEST_HOST)";
				CODE_SIGN_STYLE = Automatic;
				DEVELOPMENT_TEAM = 7JXU7L2D7R;
				INFOPLIST_FILE = HighLowTests/Info.plist;
				LD_RUNPATH_SEARCH_PATHS = (
					"$(inherited)",
					"@executable_path/Frameworks",
					"@loader_path/Frameworks",
				);
				PRODUCT_BUNDLE_IDENTIFIER = com.caleb.HighLowTests;
				PRODUCT_NAME = "$(TARGET_NAME)";
				SWIFT_VERSION = 5.0;
				TARGETED_DEVICE_FAMILY = "1,2";
				TEST_HOST = "$(BUILT_PRODUCTS_DIR)/HighLow.app/HighLow";
			};
			name = Debug;
		};
		43AF93372235FBF9004B89BA /* Release */ = {
			isa = XCBuildConfiguration;
			baseConfigurationReference = 0BAE70B8E9EA0474EA8867C1 /* Pods-HighLow-HighLowTests.release.xcconfig */;
			buildSettings = {
				ALWAYS_EMBED_SWIFT_STANDARD_LIBRARIES = YES;
				BUNDLE_LOADER = "$(TEST_HOST)";
				CODE_SIGN_STYLE = Automatic;
				DEVELOPMENT_TEAM = 7JXU7L2D7R;
				INFOPLIST_FILE = HighLowTests/Info.plist;
				LD_RUNPATH_SEARCH_PATHS = (
					"$(inherited)",
					"@executable_path/Frameworks",
					"@loader_path/Frameworks",
				);
				PRODUCT_BUNDLE_IDENTIFIER = com.caleb.HighLowTests;
				PRODUCT_NAME = "$(TARGET_NAME)";
				SWIFT_VERSION = 5.0;
				TARGETED_DEVICE_FAMILY = "1,2";
				TEST_HOST = "$(BUILT_PRODUCTS_DIR)/HighLow.app/HighLow";
			};
			name = Release;
		};
		43AF93392235FBF9004B89BA /* Debug */ = {
			isa = XCBuildConfiguration;
			baseConfigurationReference = B8E2C2D674B9E9BDECE11403 /* Pods-HighLowUITests.debug.xcconfig */;
			buildSettings = {
				ALWAYS_EMBED_SWIFT_STANDARD_LIBRARIES = YES;
				CODE_SIGN_STYLE = Automatic;
				DEVELOPMENT_TEAM = 7JXU7L2D7R;
				INFOPLIST_FILE = HighLowUITests/Info.plist;
				LD_RUNPATH_SEARCH_PATHS = (
					"$(inherited)",
					"@executable_path/Frameworks",
					"@loader_path/Frameworks",
				);
				PRODUCT_BUNDLE_IDENTIFIER = com.caleb.HighLowUITests;
				PRODUCT_NAME = "$(TARGET_NAME)";
				SWIFT_VERSION = 5.0;
				TARGETED_DEVICE_FAMILY = "1,2";
				TEST_TARGET_NAME = HighLow;
			};
			name = Debug;
		};
		43AF933A2235FBF9004B89BA /* Release */ = {
			isa = XCBuildConfiguration;
			baseConfigurationReference = 7A06B31C31CF0C3E2849A5F4 /* Pods-HighLowUITests.release.xcconfig */;
			buildSettings = {
				ALWAYS_EMBED_SWIFT_STANDARD_LIBRARIES = YES;
				CODE_SIGN_STYLE = Automatic;
				DEVELOPMENT_TEAM = 7JXU7L2D7R;
				INFOPLIST_FILE = HighLowUITests/Info.plist;
				LD_RUNPATH_SEARCH_PATHS = (
					"$(inherited)",
					"@executable_path/Frameworks",
					"@loader_path/Frameworks",
				);
				PRODUCT_BUNDLE_IDENTIFIER = com.caleb.HighLowUITests;
				PRODUCT_NAME = "$(TARGET_NAME)";
				SWIFT_VERSION = 5.0;
				TARGETED_DEVICE_FAMILY = "1,2";
				TEST_TARGET_NAME = HighLow;
			};
			name = Release;
		};
/* End XCBuildConfiguration section */

/* Begin XCConfigurationList section */
		43AF93052235FBF5004B89BA /* Build configuration list for PBXProject "HighLow" */ = {
			isa = XCConfigurationList;
			buildConfigurations = (
				43AF93302235FBF9004B89BA /* Debug */,
				43AF93312235FBF9004B89BA /* Release */,
			);
			defaultConfigurationIsVisible = 0;
			defaultConfigurationName = Release;
		};
		43AF93322235FBF9004B89BA /* Build configuration list for PBXNativeTarget "HighLow" */ = {
			isa = XCConfigurationList;
			buildConfigurations = (
				43AF93332235FBF9004B89BA /* Debug */,
				43AF93342235FBF9004B89BA /* Release */,
			);
			defaultConfigurationIsVisible = 0;
			defaultConfigurationName = Release;
		};
		43AF93352235FBF9004B89BA /* Build configuration list for PBXNativeTarget "HighLowTests" */ = {
			isa = XCConfigurationList;
			buildConfigurations = (
				43AF93362235FBF9004B89BA /* Debug */,
				43AF93372235FBF9004B89BA /* Release */,
			);
			defaultConfigurationIsVisible = 0;
			defaultConfigurationName = Release;
		};
		43AF93382235FBF9004B89BA /* Build configuration list for PBXNativeTarget "HighLowUITests" */ = {
			isa = XCConfigurationList;
			buildConfigurations = (
				43AF93392235FBF9004B89BA /* Debug */,
				43AF933A2235FBF9004B89BA /* Release */,
			);
			defaultConfigurationIsVisible = 0;
			defaultConfigurationName = Release;
		};
/* End XCConfigurationList section */
	};
	rootObject = 43AF93022235FBF5004B89BA /* Project object */;
}
